// !$*UTF8*$!
{
	archiveVersion = 1;
	classes = {
	};
	objectVersion = 77;
	objects = {

/* Begin PBXBuildFile section */
		0369D47198C41C4F064DF226 /* AvatarLayerView.swift in Sources */ = {isa = PBXBuildFile; fileRef = B2EE7DB0C02CE95B18299871 /* AvatarLayerView.swift */; };
		03BD203520FC12145F55D4AB /* Prng.swift in Sources */ = {isa = PBXBuildFile; fileRef = FE72A9354764C53E310D732C /* Prng.swift */; };
		08AC14BA111732E32E7F2133 /* Build.swift in Sources */ = {isa = PBXBuildFile; fileRef = 814537AD8B6CCA5DFFB48451 /* Build.swift */; };
		0DF5669910235616A41DF324 /* PlatformShims.swift in Sources */ = {isa = PBXBuildFile; fileRef = 1A23396394C9D97D1A9515B9 /* PlatformShims.swift */; };
		11D5AC5BDC71C5AC2724AA74 /* SchedulerTests.swift in Sources */ = {isa = PBXBuildFile; fileRef = 6C3172839D819BE33290C555 /* SchedulerTests.swift */; };
		152E5E00EA536B7C677840E0 /* Arbiter.swift in Sources */ = {isa = PBXBuildFile; fileRef = 469A27890528508F8961C885 /* Arbiter.swift */; };
		17BF64FABE04EBDD0FCB7473 /* Timelines.swift in Sources */ = {isa = PBXBuildFile; fileRef = 7E8249616AD9740749A7EED9 /* Timelines.swift */; };
		17DAAC43B8476A0F4362C739 /* SchemaParityTests.swift in Sources */ = {isa = PBXBuildFile; fileRef = 6D615C25AAE8434A2470C52A /* SchemaParityTests.swift */; };
		1C07EA37B232BB1265832FFA /* Tweens.swift in Sources */ = {isa = PBXBuildFile; fileRef = 85FFE581BD1451C5DAABCAE0 /* Tweens.swift */; };
		1EF9AD6DFBCA92A469EE72E6 /* Ease.swift in Sources */ = {isa = PBXBuildFile; fileRef = D01378C62D9E6C10C9133BF0 /* Ease.swift */; };
		2904A18880AAA4DD8001766C /* Rig.swift in Sources */ = {isa = PBXBuildFile; fileRef = F21CB22879DCEF213D033870 /* Rig.swift */; };
		36AC86D4A619B0026524CE84 /* sayings.json in Resources */ = {isa = PBXBuildFile; fileRef = DF955C1A974A3AF13BF312F4 /* sayings.json */; };
		3ACB1240743075C175C5EB19 /* TweenTests.swift in Sources */ = {isa = PBXBuildFile; fileRef = 9328610868FB9843688F8FF7 /* TweenTests.swift */; };
		45805F1065C494361CD3332B /* Reflexes.swift in Sources */ = {isa = PBXBuildFile; fileRef = 08A197086BFEAE36F9BB0ECD /* Reflexes.swift */; };
		45D21A1C40E8226608213B90 /* ReflexesTests.swift in Sources */ = {isa = PBXBuildFile; fileRef = FB8C130D60915F459C1E2838 /* ReflexesTests.swift */; };
		494937CF2908E422D223FA05 /* behavior.json in Resources */ = {isa = PBXBuildFile; fileRef = 7A5A338051B22DC15F093C2E /* behavior.json */; };
		4BEE7B2C34F97980C7E45F27 /* Types.swift in Sources */ = {isa = PBXBuildFile; fileRef = F1C7B168E34F9807CF359056 /* Types.swift */; };
		518D0C21F8C335EBAA8E1443 /* MathTests.swift in Sources */ = {isa = PBXBuildFile; fileRef = 678A3579A2DA68F9BBF86AA1 /* MathTests.swift */; };
		5C7945A9AA0E8F0EF1D35433 /* AvatarAnimationEngine-macOS.framework in Embed Frameworks */ = {isa = PBXBuildFile; fileRef = C4B3FE2D38949DC19E03C81A /* AvatarAnimationEngine-macOS.framework */; settings = {ATTRIBUTES = (CodeSignOnCopy, RemoveHeadersOnCopy, ); }; };
		5D503C616C76C410AFD57954 /* Channels.swift in Sources */ = {isa = PBXBuildFile; fileRef = FD8DF984557CA6F751D21E97 /* Channels.swift */; };
		61FE371C6CACC09FAAE9A845 /* Environment.swift in Sources */ = {isa = PBXBuildFile; fileRef = DBF207EB983722B3DB7B7991 /* Environment.swift */; };
		62291BC3355E96270816EB77 /* AvatarPlateView.swift in Sources */ = {isa = PBXBuildFile; fileRef = 33B019709D8236FF3391C995 /* AvatarPlateView.swift */; };
		65F672F49D3BAC4C4178B727 /* AvatarAnimationEngine-macOS.framework in Frameworks */ = {isa = PBXBuildFile; fileRef = C4B3FE2D38949DC19E03C81A /* AvatarAnimationEngine-macOS.framework */; };
		681576241DF709E841D2A3D2 /* Build.swift in Sources */ = {isa = PBXBuildFile; fileRef = 814537AD8B6CCA5DFFB48451 /* Build.swift */; };
		695E1FACA737E491AE87A729 /* Engine.swift in Sources */ = {isa = PBXBuildFile; fileRef = 872EBEBF357BECD714B5E9B0 /* Engine.swift */; };
		6C745B74A044E25DA8E06441 /* AvatarPlateView.swift in Sources */ = {isa = PBXBuildFile; fileRef = 33B019709D8236FF3391C995 /* AvatarPlateView.swift */; };
		6F9CBD963C7185CCEA9793C0 /* Mat.swift in Sources */ = {isa = PBXBuildFile; fileRef = B2134AE5318FB7827B4E0AA6 /* Mat.swift */; };
		710B1EE06C64D59D42F83B89 /* Environment.swift in Sources */ = {isa = PBXBuildFile; fileRef = DBF207EB983722B3DB7B7991 /* Environment.swift */; };
		715D51D08304368B9198C88D /* AnimTests.swift in Sources */ = {isa = PBXBuildFile; fileRef = 3577FAFCE319A5F94FA8E5A7 /* AnimTests.swift */; };
		7C940DBEC703E798BCC9F547 /* Types.swift in Sources */ = {isa = PBXBuildFile; fileRef = F1C7B168E34F9807CF359056 /* Types.swift */; };
		7EEB2D48A91C4FD728BF0692 /* ArbiterTests.swift in Sources */ = {isa = PBXBuildFile; fileRef = 79DCA3BF610B9300AE641C70 /* ArbiterTests.swift */; };
		86B936C2FCA5D9DF89CD6056 /* Engine.swift in Sources */ = {isa = PBXBuildFile; fileRef = 872EBEBF357BECD714B5E9B0 /* Engine.swift */; };
		8838649E71B1DAE93946BA35 /* Tweens.swift in Sources */ = {isa = PBXBuildFile; fileRef = 85FFE581BD1451C5DAABCAE0 /* Tweens.swift */; };
		88EDA935F166A5FB0965D097 /* Reflexes.swift in Sources */ = {isa = PBXBuildFile; fileRef = 08A197086BFEAE36F9BB0ECD /* Reflexes.swift */; };
		8CC408CE8511DEFE85BF27E3 /* ParsedPath.swift in Sources */ = {isa = PBXBuildFile; fileRef = AF32CAFCA98294817EB59768 /* ParsedPath.swift */; };
		8EB468F3F5CB94B42753E9E8 /* Loader.swift in Sources */ = {isa = PBXBuildFile; fileRef = 577EE28B13B88DAF9D274DEB /* Loader.swift */; };
		90A7CEC5921A2B06209EEBED /* timelines.json in Resources */ = {isa = PBXBuildFile; fileRef = 99D0AB68275EA712A0B285CD /* timelines.json */; };
		97ED447C6D9766C5E1BB2B80 /* AvatarLayerView.swift in Sources */ = {isa = PBXBuildFile; fileRef = B2EE7DB0C02CE95B18299871 /* AvatarLayerView.swift */; };
		9981C0AFE4E083431155AFE9 /* Mat.swift in Sources */ = {isa = PBXBuildFile; fileRef = B2134AE5318FB7827B4E0AA6 /* Mat.swift */; };
		9DCC63D6046DE7FB8AA4185D /* Scheduler.swift in Sources */ = {isa = PBXBuildFile; fileRef = 67E9A369E83430D8A395905C /* Scheduler.swift */; };
		A1462F52EA95025AEAF24CC6 /* Morph.swift in Sources */ = {isa = PBXBuildFile; fileRef = 3897409E395539C018E497AD /* Morph.swift */; };
		A73EC9C54ED61A9F899A7A53 /* Color.swift in Sources */ = {isa = PBXBuildFile; fileRef = 130F581501C25450DEFB4801 /* Color.swift */; };
		A85EDE95C4541D1D9213F80E /* Morph.swift in Sources */ = {isa = PBXBuildFile; fileRef = 3897409E395539C018E497AD /* Morph.swift */; };
		AB9540D42E86F8C2C5177B1C /* Params.swift in Sources */ = {isa = PBXBuildFile; fileRef = DDA9ACBADCB067E4861CA6CC /* Params.swift */; };
		AD6F1359D7A83574907B9A52 /* Params.swift in Sources */ = {isa = PBXBuildFile; fileRef = DDA9ACBADCB067E4861CA6CC /* Params.swift */; };
		B1FDFA08C16364A10F3B7325 /* Timelines.swift in Sources */ = {isa = PBXBuildFile; fileRef = 7E8249616AD9740749A7EED9 /* Timelines.swift */; };
		B2C128A2BBDB42E6A4551B28 /* PathTests.swift in Sources */ = {isa = PBXBuildFile; fileRef = 6B91FC70EB83145FF6F3D762 /* PathTests.swift */; };
		B4ACEA51CAF95517F2016F25 /* PlatformShims.swift in Sources */ = {isa = PBXBuildFile; fileRef = 1A23396394C9D97D1A9515B9 /* PlatformShims.swift */; };
		B61BB72F107F3E93790715A3 /* Poses.swift in Sources */ = {isa = PBXBuildFile; fileRef = A6F4CCFC77127BFD29B2D3D5 /* Poses.swift */; };
		B72456105F98F051F1573562 /* EngineTests.swift in Sources */ = {isa = PBXBuildFile; fileRef = BCC579EAEAD51A88B7FD02F4 /* EngineTests.swift */; };
		B74B934CD5827DB26433A83D /* character.json in Resources */ = {isa = PBXBuildFile; fileRef = B9AC1A9B53A4189F1D93753E /* character.json */; };
		B828A0E6A26A4C4FCCACB658 /* Channels.swift in Sources */ = {isa = PBXBuildFile; fileRef = FD8DF984557CA6F751D21E97 /* Channels.swift */; };
		B98C0B19C2BEFA6C58C3AF97 /* Poses.swift in Sources */ = {isa = PBXBuildFile; fileRef = A6F4CCFC77127BFD29B2D3D5 /* Poses.swift */; };
		B9C4DD21BAF01636905D2B79 /* poses.json in Resources */ = {isa = PBXBuildFile; fileRef = B3E425C34F6CE070BBA71BF1 /* poses.json */; };
		BD48F0C1BDB8AF4A718C524E /* Loader.swift in Sources */ = {isa = PBXBuildFile; fileRef = 577EE28B13B88DAF9D274DEB /* Loader.swift */; };
		C12FDD0282B83A09492BADB5 /* ParamsTests.swift in Sources */ = {isa = PBXBuildFile; fileRef = 7018C62BE1F1C25CB0285CA1 /* ParamsTests.swift */; };
		CF47B85102C0A9A411FB9DF5 /* Prng.swift in Sources */ = {isa = PBXBuildFile; fileRef = FE72A9354764C53E310D732C /* Prng.swift */; };
		CF935821BA3AA98EFA338B8B /* ConfigTests.swift in Sources */ = {isa = PBXBuildFile; fileRef = 69D5F4C0E3C18508A7AFDF71 /* ConfigTests.swift */; };
		D005B62F6403FE28756B5CC3 /* ColorTests.swift in Sources */ = {isa = PBXBuildFile; fileRef = A9E721DC0F29FBBCB9651D0C /* ColorTests.swift */; };
		D1F522BCD223D049BB7140F1 /* SceneTests.swift in Sources */ = {isa = PBXBuildFile; fileRef = 4F26949D57BEB37423A00786 /* SceneTests.swift */; };
		D3D7EED3B9E8155D0B6E3D89 /* Color.swift in Sources */ = {isa = PBXBuildFile; fileRef = 130F581501C25450DEFB4801 /* Color.swift */; };
		D43BA3D33A58D2134CF2D8C8 /* Scheduler.swift in Sources */ = {isa = PBXBuildFile; fileRef = 67E9A369E83430D8A395905C /* Scheduler.swift */; };
		DA4E701BC4E5B1E842AD258C /* ParsedPath.swift in Sources */ = {isa = PBXBuildFile; fileRef = AF32CAFCA98294817EB59768 /* ParsedPath.swift */; };
		E4B4CA0B0038ADB6D4C2BB39 /* Arbiter.swift in Sources */ = {isa = PBXBuildFile; fileRef = 469A27890528508F8961C885 /* Arbiter.swift */; };
		E71E233EB204DD224EFC02AE /* Ease.swift in Sources */ = {isa = PBXBuildFile; fileRef = D01378C62D9E6C10C9133BF0 /* Ease.swift */; };
		E887C11657B32CE3569D0319 /* RenderTests.swift in Sources */ = {isa = PBXBuildFile; fileRef = DF14B7CA6060DACDF0B88B8F /* RenderTests.swift */; };
		EDD1F8C6841C74854CB4B485 /* FixtureTests.swift in Sources */ = {isa = PBXBuildFile; fileRef = B39D3FDDB8395C9221BCB51A /* FixtureTests.swift */; };
		EDE225C83EF92DDDAB50F671 /* rig.json in Resources */ = {isa = PBXBuildFile; fileRef = 0A33B29B00C20949F5FCAB61 /* rig.json */; };
		FBBA501B97339128FED2C902 /* Rig.swift in Sources */ = {isa = PBXBuildFile; fileRef = F21CB22879DCEF213D033870 /* Rig.swift */; };
/* End PBXBuildFile section */

/* Begin PBXContainerItemProxy section */
		1B63FB57F2D1B806479F8DA0 /* PBXContainerItemProxy */ = {
			isa = PBXContainerItemProxy;
			containerPortal = 0E9DC5E26E0B01A8BFCD2246 /* Project object */;
			proxyType = 1;
			remoteGlobalIDString = B63AD2DD604CBFC03A7CF9DA;
			remoteInfo = "AvatarAnimationEngine-macOS";
		};
/* End PBXContainerItemProxy section */

/* Begin PBXCopyFilesBuildPhase section */
		D74CB9C41EB3F92BDAFE5E66 /* Embed Frameworks */ = {
			isa = PBXCopyFilesBuildPhase;
			buildActionMask = 2147483647;
			dstPath = "";
			dstSubfolderSpec = 10;
			files = (
				5C7945A9AA0E8F0EF1D35433 /* AvatarAnimationEngine-macOS.framework in Embed Frameworks */,
			);
			name = "Embed Frameworks";
			runOnlyForDeploymentPostprocessing = 0;
		};
/* End PBXCopyFilesBuildPhase section */

/* Begin PBXFileReference section */
		08A197086BFEAE36F9BB0ECD /* Reflexes.swift */ = {isa = PBXFileReference; lastKnownFileType = sourcecode.swift; path = Reflexes.swift; sourceTree = "<group>"; };
		0A33B29B00C20949F5FCAB61 /* rig.json */ = {isa = PBXFileReference; lastKnownFileType = text.json; path = rig.json; sourceTree = "<group>"; };
		130F581501C25450DEFB4801 /* Color.swift */ = {isa = PBXFileReference; lastKnownFileType = sourcecode.swift; path = Color.swift; sourceTree = "<group>"; };
		1A23396394C9D97D1A9515B9 /* PlatformShims.swift */ = {isa = PBXFileReference; lastKnownFileType = sourcecode.swift; path = PlatformShims.swift; sourceTree = "<group>"; };
		33B019709D8236FF3391C995 /* AvatarPlateView.swift */ = {isa = PBXFileReference; lastKnownFileType = sourcecode.swift; path = AvatarPlateView.swift; sourceTree = "<group>"; };
		3577FAFCE319A5F94FA8E5A7 /* AnimTests.swift */ = {isa = PBXFileReference; lastKnownFileType = sourcecode.swift; path = AnimTests.swift; sourceTree = "<group>"; };
		3897409E395539C018E497AD /* Morph.swift */ = {isa = PBXFileReference; lastKnownFileType = sourcecode.swift; path = Morph.swift; sourceTree = "<group>"; };
		469A27890528508F8961C885 /* Arbiter.swift */ = {isa = PBXFileReference; lastKnownFileType = sourcecode.swift; path = Arbiter.swift; sourceTree = "<group>"; };
		4F26949D57BEB37423A00786 /* SceneTests.swift */ = {isa = PBXFileReference; lastKnownFileType = sourcecode.swift; path = SceneTests.swift; sourceTree = "<group>"; };
		5343C1EC243B7AA5DACC06A1 /* AvatarAnimationEngine-iOS.framework */ = {isa = PBXFileReference; explicitFileType = wrapper.framework; includeInIndex = 0; path = "AvatarAnimationEngine-iOS.framework"; sourceTree = BUILT_PRODUCTS_DIR; };
		577EE28B13B88DAF9D274DEB /* Loader.swift */ = {isa = PBXFileReference; lastKnownFileType = sourcecode.swift; path = Loader.swift; sourceTree = "<group>"; };
		678A3579A2DA68F9BBF86AA1 /* MathTests.swift */ = {isa = PBXFileReference; lastKnownFileType = sourcecode.swift; path = MathTests.swift; sourceTree = "<group>"; };
		67E9A369E83430D8A395905C /* Scheduler.swift */ = {isa = PBXFileReference; lastKnownFileType = sourcecode.swift; path = Scheduler.swift; sourceTree = "<group>"; };
		69D5F4C0E3C18508A7AFDF71 /* ConfigTests.swift */ = {isa = PBXFileReference; lastKnownFileType = sourcecode.swift; path = ConfigTests.swift; sourceTree = "<group>"; };
		6B91FC70EB83145FF6F3D762 /* PathTests.swift */ = {isa = PBXFileReference; lastKnownFileType = sourcecode.swift; path = PathTests.swift; sourceTree = "<group>"; };
		6C3172839D819BE33290C555 /* SchedulerTests.swift */ = {isa = PBXFileReference; lastKnownFileType = sourcecode.swift; path = SchedulerTests.swift; sourceTree = "<group>"; };
		6D615C25AAE8434A2470C52A /* SchemaParityTests.swift */ = {isa = PBXFileReference; lastKnownFileType = sourcecode.swift; path = SchemaParityTests.swift; sourceTree = "<group>"; };
		7018C62BE1F1C25CB0285CA1 /* ParamsTests.swift */ = {isa = PBXFileReference; lastKnownFileType = sourcecode.swift; path = ParamsTests.swift; sourceTree = "<group>"; };
		79DCA3BF610B9300AE641C70 /* ArbiterTests.swift */ = {isa = PBXFileReference; lastKnownFileType = sourcecode.swift; path = ArbiterTests.swift; sourceTree = "<group>"; };
		7A5A338051B22DC15F093C2E /* behavior.json */ = {isa = PBXFileReference; lastKnownFileType = text.json; path = behavior.json; sourceTree = "<group>"; };
		7E8249616AD9740749A7EED9 /* Timelines.swift */ = {isa = PBXFileReference; lastKnownFileType = sourcecode.swift; path = Timelines.swift; sourceTree = "<group>"; };
		814537AD8B6CCA5DFFB48451 /* Build.swift */ = {isa = PBXFileReference; lastKnownFileType = sourcecode.swift; path = Build.swift; sourceTree = "<group>"; };
		83E0398C4351745FC70BBF43 /* AvatarAnimationEngineTests-macOS.xctest */ = {isa = PBXFileReference; explicitFileType = wrapper.cfbundle; includeInIndex = 0; path = "AvatarAnimationEngineTests-macOS.xctest"; sourceTree = BUILT_PRODUCTS_DIR; };
		85FFE581BD1451C5DAABCAE0 /* Tweens.swift */ = {isa = PBXFileReference; lastKnownFileType = sourcecode.swift; path = Tweens.swift; sourceTree = "<group>"; };
		872EBEBF357BECD714B5E9B0 /* Engine.swift */ = {isa = PBXFileReference; lastKnownFileType = sourcecode.swift; path = Engine.swift; sourceTree = "<group>"; };
		9328610868FB9843688F8FF7 /* TweenTests.swift */ = {isa = PBXFileReference; lastKnownFileType = sourcecode.swift; path = TweenTests.swift; sourceTree = "<group>"; };
		99D0AB68275EA712A0B285CD /* timelines.json */ = {isa = PBXFileReference; lastKnownFileType = text.json; path = timelines.json; sourceTree = "<group>"; };
		A6F4CCFC77127BFD29B2D3D5 /* Poses.swift */ = {isa = PBXFileReference; lastKnownFileType = sourcecode.swift; path = Poses.swift; sourceTree = "<group>"; };
		A9E721DC0F29FBBCB9651D0C /* ColorTests.swift */ = {isa = PBXFileReference; lastKnownFileType = sourcecode.swift; path = ColorTests.swift; sourceTree = "<group>"; };
		AF32CAFCA98294817EB59768 /* ParsedPath.swift */ = {isa = PBXFileReference; lastKnownFileType = sourcecode.swift; path = ParsedPath.swift; sourceTree = "<group>"; };
		B2134AE5318FB7827B4E0AA6 /* Mat.swift */ = {isa = PBXFileReference; lastKnownFileType = sourcecode.swift; path = Mat.swift; sourceTree = "<group>"; };
		B2EE7DB0C02CE95B18299871 /* AvatarLayerView.swift */ = {isa = PBXFileReference; lastKnownFileType = sourcecode.swift; path = AvatarLayerView.swift; sourceTree = "<group>"; };
		B39D3FDDB8395C9221BCB51A /* FixtureTests.swift */ = {isa = PBXFileReference; lastKnownFileType = sourcecode.swift; path = FixtureTests.swift; sourceTree = "<group>"; };
		B3E425C34F6CE070BBA71BF1 /* poses.json */ = {isa = PBXFileReference; lastKnownFileType = text.json; path = poses.json; sourceTree = "<group>"; };
		B9AC1A9B53A4189F1D93753E /* character.json */ = {isa = PBXFileReference; lastKnownFileType = text.json; path = character.json; sourceTree = "<group>"; };
		BCC579EAEAD51A88B7FD02F4 /* EngineTests.swift */ = {isa = PBXFileReference; lastKnownFileType = sourcecode.swift; path = EngineTests.swift; sourceTree = "<group>"; };
		C4B3FE2D38949DC19E03C81A /* AvatarAnimationEngine-macOS.framework */ = {isa = PBXFileReference; explicitFileType = wrapper.framework; includeInIndex = 0; path = "AvatarAnimationEngine-macOS.framework"; sourceTree = BUILT_PRODUCTS_DIR; };
		D01378C62D9E6C10C9133BF0 /* Ease.swift */ = {isa = PBXFileReference; lastKnownFileType = sourcecode.swift; path = Ease.swift; sourceTree = "<group>"; };
		DBF207EB983722B3DB7B7991 /* Environment.swift */ = {isa = PBXFileReference; lastKnownFileType = sourcecode.swift; path = Environment.swift; sourceTree = "<group>"; };
		DDA9ACBADCB067E4861CA6CC /* Params.swift */ = {isa = PBXFileReference; lastKnownFileType = sourcecode.swift; path = Params.swift; sourceTree = "<group>"; };
		DF14B7CA6060DACDF0B88B8F /* RenderTests.swift */ = {isa = PBXFileReference; lastKnownFileType = sourcecode.swift; path = RenderTests.swift; sourceTree = "<group>"; };
		DF955C1A974A3AF13BF312F4 /* sayings.json */ = {isa = PBXFileReference; lastKnownFileType = text.json; path = sayings.json; sourceTree = "<group>"; };
		F1C7B168E34F9807CF359056 /* Types.swift */ = {isa = PBXFileReference; lastKnownFileType = sourcecode.swift; path = Types.swift; sourceTree = "<group>"; };
		F21CB22879DCEF213D033870 /* Rig.swift */ = {isa = PBXFileReference; lastKnownFileType = sourcecode.swift; path = Rig.swift; sourceTree = "<group>"; };
		FB8C130D60915F459C1E2838 /* ReflexesTests.swift */ = {isa = PBXFileReference; lastKnownFileType = sourcecode.swift; path = ReflexesTests.swift; sourceTree = "<group>"; };
		FD8DF984557CA6F751D21E97 /* Channels.swift */ = {isa = PBXFileReference; lastKnownFileType = sourcecode.swift; path = Channels.swift; sourceTree = "<group>"; };
		FE72A9354764C53E310D732C /* Prng.swift */ = {isa = PBXFileReference; lastKnownFileType = sourcecode.swift; path = Prng.swift; sourceTree = "<group>"; };
/* End PBXFileReference section */

/* Begin PBXFrameworksBuildPhase section */
		6BB9DA7C68E6658596A3CBA8 /* Frameworks */ = {
			isa = PBXFrameworksBuildPhase;
			buildActionMask = 2147483647;
			files = (
				65F672F49D3BAC4C4178B727 /* AvatarAnimationEngine-macOS.framework in Frameworks */,
			);
			runOnlyForDeploymentPostprocessing = 0;
		};
/* End PBXFrameworksBuildPhase section */

/* Begin PBXGroup section */
		1AA47803F4049E5C7C005CC8 /* Tests */ = {
			isa = PBXGroup;
			children = (
				3577FAFCE319A5F94FA8E5A7 /* AnimTests.swift */,
				79DCA3BF610B9300AE641C70 /* ArbiterTests.swift */,
				A9E721DC0F29FBBCB9651D0C /* ColorTests.swift */,
				69D5F4C0E3C18508A7AFDF71 /* ConfigTests.swift */,
				BCC579EAEAD51A88B7FD02F4 /* EngineTests.swift */,
				B39D3FDDB8395C9221BCB51A /* FixtureTests.swift */,
				678A3579A2DA68F9BBF86AA1 /* MathTests.swift */,
				7018C62BE1F1C25CB0285CA1 /* ParamsTests.swift */,
				6B91FC70EB83145FF6F3D762 /* PathTests.swift */,
				FB8C130D60915F459C1E2838 /* ReflexesTests.swift */,
				DF14B7CA6060DACDF0B88B8F /* RenderTests.swift */,
				4F26949D57BEB37423A00786 /* SceneTests.swift */,
				6C3172839D819BE33290C555 /* SchedulerTests.swift */,
				6D615C25AAE8434A2470C52A /* SchemaParityTests.swift */,
				9328610868FB9843688F8FF7 /* TweenTests.swift */,
				BAF13F97021F276689C8B685 /* Fixtures */,
			);
			path = Tests;
			sourceTree = "<group>";
		};
		26AC7B18F0257DE1317C5943 /* Products */ = {
			isa = PBXGroup;
			children = (
				5343C1EC243B7AA5DACC06A1 /* AvatarAnimationEngine-iOS.framework */,
				C4B3FE2D38949DC19E03C81A /* AvatarAnimationEngine-macOS.framework */,
				83E0398C4351745FC70BBF43 /* AvatarAnimationEngineTests-macOS.xctest */,
			);
			name = Products;
			sourceTree = "<group>";
		};
		26B534CCC4B99A93B019872E /* Anim */ = {
			isa = PBXGroup;
			children = (
				469A27890528508F8961C885 /* Arbiter.swift */,
				DDA9ACBADCB067E4861CA6CC /* Params.swift */,
				A6F4CCFC77127BFD29B2D3D5 /* Poses.swift */,
				08A197086BFEAE36F9BB0ECD /* Reflexes.swift */,
				7E8249616AD9740749A7EED9 /* Timelines.swift */,
			);
			path = Anim;
			sourceTree = "<group>";
		};
		40056BC8F10E7916970798E8 /* Render */ = {
			isa = PBXGroup;
			children = (
				B2EE7DB0C02CE95B18299871 /* AvatarLayerView.swift */,
				33B019709D8236FF3391C995 /* AvatarPlateView.swift */,
				1A23396394C9D97D1A9515B9 /* PlatformShims.swift */,
			);
			path = Render;
			sourceTree = "<group>";
		};
		4BD32DADFAC714EACCA46A92 /* Sources */ = {
			isa = PBXGroup;
			children = (
				872EBEBF357BECD714B5E9B0 /* Engine.swift */,
				DBF207EB983722B3DB7B7991 /* Environment.swift */,
				26B534CCC4B99A93B019872E /* Anim */,
				E1D0D56E83CD4D10DD644B2E /* Config */,
				CC0DFC7A29C4525AF1C1C965 /* Math */,
				EB2595762E6D8C7B2BC32F76 /* Path */,
				40056BC8F10E7916970798E8 /* Render */,
				91093879915EC1E0949003DA /* Runtime */,
				9E58038390DBA0E76D6BEB50 /* Scene */,
			);
			path = Sources;
			sourceTree = "<group>";
		};
		91093879915EC1E0949003DA /* Runtime */ = {
			isa = PBXGroup;
			children = (
				FD8DF984557CA6F751D21E97 /* Channels.swift */,
				67E9A369E83430D8A395905C /* Scheduler.swift */,
				85FFE581BD1451C5DAABCAE0 /* Tweens.swift */,
			);
			path = Runtime;
			sourceTree = "<group>";
		};
		9E58038390DBA0E76D6BEB50 /* Scene */ = {
			isa = PBXGroup;
			children = (
				F21CB22879DCEF213D033870 /* Rig.swift */,
			);
			path = Scene;
			sourceTree = "<group>";
		};
		BAF13F97021F276689C8B685 /* Fixtures */ = {
			isa = PBXGroup;
			children = (
				CB2B5B537F95E1B66A7B884A /* dot */,
			);
			path = Fixtures;
			sourceTree = "<group>";
		};
		CB2B5B537F95E1B66A7B884A /* dot */ = {
			isa = PBXGroup;
			children = (
				7A5A338051B22DC15F093C2E /* behavior.json */,
				B9AC1A9B53A4189F1D93753E /* character.json */,
				B3E425C34F6CE070BBA71BF1 /* poses.json */,
				0A33B29B00C20949F5FCAB61 /* rig.json */,
				DF955C1A974A3AF13BF312F4 /* sayings.json */,
				99D0AB68275EA712A0B285CD /* timelines.json */,
			);
			path = dot;
			sourceTree = "<group>";
		};
		CC0DFC7A29C4525AF1C1C965 /* Math */ = {
			isa = PBXGroup;
			children = (
				130F581501C25450DEFB4801 /* Color.swift */,
				D01378C62D9E6C10C9133BF0 /* Ease.swift */,
				B2134AE5318FB7827B4E0AA6 /* Mat.swift */,
				FE72A9354764C53E310D732C /* Prng.swift */,
			);
			path = Math;
			sourceTree = "<group>";
		};
		E1D0D56E83CD4D10DD644B2E /* Config */ = {
			isa = PBXGroup;
			children = (
				577EE28B13B88DAF9D274DEB /* Loader.swift */,
				F1C7B168E34F9807CF359056 /* Types.swift */,
			);
			path = Config;
			sourceTree = "<group>";
		};
		E8742004D4F21B6032FAD83D = {
			isa = PBXGroup;
			children = (
				4BD32DADFAC714EACCA46A92 /* Sources */,
				1AA47803F4049E5C7C005CC8 /* Tests */,
				26AC7B18F0257DE1317C5943 /* Products */,
			);
			sourceTree = "<group>";
		};
		EB2595762E6D8C7B2BC32F76 /* Path */ = {
			isa = PBXGroup;
			children = (
				814537AD8B6CCA5DFFB48451 /* Build.swift */,
				3897409E395539C018E497AD /* Morph.swift */,
				AF32CAFCA98294817EB59768 /* ParsedPath.swift */,
			);
			path = Path;
			sourceTree = "<group>";
		};
/* End PBXGroup section */

/* Begin PBXNativeTarget section */
		0158E2137C96F9C138C5FA45 /* AvatarAnimationEngineTests-macOS */ = {
			isa = PBXNativeTarget;
			buildConfigurationList = 8B178B4948908575CEA19828 /* Build configuration list for PBXNativeTarget "AvatarAnimationEngineTests-macOS" */;
			buildPhases = (
				272954CA264CAC2BDC896A0F /* Sources */,
				F7E2D53494307EAAFC4ADA69 /* Resources */,
				6BB9DA7C68E6658596A3CBA8 /* Frameworks */,
				D74CB9C41EB3F92BDAFE5E66 /* Embed Frameworks */,
			);
			buildRules = (
			);
			dependencies = (
				20AB892B975FFA3A069D550F /* PBXTargetDependency */,
			);
			name = "AvatarAnimationEngineTests-macOS";
			packageProductDependencies = (
			);
			productName = "AvatarAnimationEngineTests-macOS";
			productReference = 83E0398C4351745FC70BBF43 /* AvatarAnimationEngineTests-macOS.xctest */;
			productType = "com.apple.product-type.bundle.unit-test";
		};
		341C8A085B8BCEA14EB2C06B /* AvatarAnimationEngine-iOS */ = {
			isa = PBXNativeTarget;
			buildConfigurationList = A51D7388F2F40760CA0F6000 /* Build configuration list for PBXNativeTarget "AvatarAnimationEngine-iOS" */;
			buildPhases = (
				1BB4A6867D05FD249A38A3BE /* Sources */,
			);
			buildRules = (
			);
			dependencies = (
			);
			name = "AvatarAnimationEngine-iOS";
			packageProductDependencies = (
			);
			productName = "AvatarAnimationEngine-iOS";
			productReference = 5343C1EC243B7AA5DACC06A1 /* AvatarAnimationEngine-iOS.framework */;
			productType = "com.apple.product-type.framework";
		};
		B63AD2DD604CBFC03A7CF9DA /* AvatarAnimationEngine-macOS */ = {
			isa = PBXNativeTarget;
			buildConfigurationList = 2A4BACDACFF4F1B4540C7FF5 /* Build configuration list for PBXNativeTarget "AvatarAnimationEngine-macOS" */;
			buildPhases = (
				5AA639931BD8DDC5E20870E0 /* Sources */,
			);
			buildRules = (
			);
			dependencies = (
			);
			name = "AvatarAnimationEngine-macOS";
			packageProductDependencies = (
			);
			productName = "AvatarAnimationEngine-macOS";
			productReference = C4B3FE2D38949DC19E03C81A /* AvatarAnimationEngine-macOS.framework */;
			productType = "com.apple.product-type.framework";
		};
/* End PBXNativeTarget section */

/* Begin PBXProject section */
		0E9DC5E26E0B01A8BFCD2246 /* Project object */ = {
			isa = PBXProject;
			attributes = {
				BuildIndependentTargetsInParallel = YES;
				LastUpgradeCheck = 1430;
				TargetAttributes = {
				};
			};
			buildConfigurationList = 1B8A3FA322899E3649FFF377 /* Build configuration list for PBXProject "AvatarAnimationEngine" */;
			developmentRegion = en;
			hasScannedForEncodings = 0;
			knownRegions = (
				Base,
				en,
			);
			mainGroup = E8742004D4F21B6032FAD83D;
			minimizedProjectReferenceProxies = 1;
			preferredProjectObjectVersion = 77;
			productRefGroup = 26AC7B18F0257DE1317C5943 /* Products */;
			projectDirPath = "";
			projectRoot = "";
			targets = (
				341C8A085B8BCEA14EB2C06B /* AvatarAnimationEngine-iOS */,
				B63AD2DD604CBFC03A7CF9DA /* AvatarAnimationEngine-macOS */,
				0158E2137C96F9C138C5FA45 /* AvatarAnimationEngineTests-macOS */,
			);
		};
/* End PBXProject section */

/* Begin PBXResourcesBuildPhase section */
		F7E2D53494307EAAFC4ADA69 /* Resources */ = {
			isa = PBXResourcesBuildPhase;
			buildActionMask = 2147483647;
			files = (
				494937CF2908E422D223FA05 /* behavior.json in Resources */,
				B74B934CD5827DB26433A83D /* character.json in Resources */,
				B9C4DD21BAF01636905D2B79 /* poses.json in Resources */,
				EDE225C83EF92DDDAB50F671 /* rig.json in Resources */,
				36AC86D4A619B0026524CE84 /* sayings.json in Resources */,
				90A7CEC5921A2B06209EEBED /* timelines.json in Resources */,
			);
			runOnlyForDeploymentPostprocessing = 0;
		};
/* End PBXResourcesBuildPhase section */

/* Begin PBXSourcesBuildPhase section */
		1BB4A6867D05FD249A38A3BE /* Sources */ = {
			isa = PBXSourcesBuildPhase;
			buildActionMask = 2147483647;
			files = (
				E4B4CA0B0038ADB6D4C2BB39 /* Arbiter.swift in Sources */,
				97ED447C6D9766C5E1BB2B80 /* AvatarLayerView.swift in Sources */,
				62291BC3355E96270816EB77 /* AvatarPlateView.swift in Sources */,
				681576241DF709E841D2A3D2 /* Build.swift in Sources */,
				5D503C616C76C410AFD57954 /* Channels.swift in Sources */,
				A73EC9C54ED61A9F899A7A53 /* Color.swift in Sources */,
				E71E233EB204DD224EFC02AE /* Ease.swift in Sources */,
				695E1FACA737E491AE87A729 /* Engine.swift in Sources */,
				61FE371C6CACC09FAAE9A845 /* Environment.swift in Sources */,
				BD48F0C1BDB8AF4A718C524E /* Loader.swift in Sources */,
				6F9CBD963C7185CCEA9793C0 /* Mat.swift in Sources */,
				A85EDE95C4541D1D9213F80E /* Morph.swift in Sources */,
				AD6F1359D7A83574907B9A52 /* Params.swift in Sources */,
				8CC408CE8511DEFE85BF27E3 /* ParsedPath.swift in Sources */,
				B4ACEA51CAF95517F2016F25 /* PlatformShims.swift in Sources */,
				B98C0B19C2BEFA6C58C3AF97 /* Poses.swift in Sources */,
				CF47B85102C0A9A411FB9DF5 /* Prng.swift in Sources */,
				88EDA935F166A5FB0965D097 /* Reflexes.swift in Sources */,
				FBBA501B97339128FED2C902 /* Rig.swift in Sources */,
				9DCC63D6046DE7FB8AA4185D /* Scheduler.swift in Sources */,
				B1FDFA08C16364A10F3B7325 /* Timelines.swift in Sources */,
				1C07EA37B232BB1265832FFA /* Tweens.swift in Sources */,
				7C940DBEC703E798BCC9F547 /* Types.swift in Sources */,
			);
			runOnlyForDeploymentPostprocessing = 0;
		};
		272954CA264CAC2BDC896A0F /* Sources */ = {
			isa = PBXSourcesBuildPhase;
			buildActionMask = 2147483647;
			files = (
				715D51D08304368B9198C88D /* AnimTests.swift in Sources */,
				7EEB2D48A91C4FD728BF0692 /* ArbiterTests.swift in Sources */,
				D005B62F6403FE28756B5CC3 /* ColorTests.swift in Sources */,
				CF935821BA3AA98EFA338B8B /* ConfigTests.swift in Sources */,
				B72456105F98F051F1573562 /* EngineTests.swift in Sources */,
				EDD1F8C6841C74854CB4B485 /* FixtureTests.swift in Sources */,
				518D0C21F8C335EBAA8E1443 /* MathTests.swift in Sources */,
				C12FDD0282B83A09492BADB5 /* ParamsTests.swift in Sources */,
				B2C128A2BBDB42E6A4551B28 /* PathTests.swift in Sources */,
				45D21A1C40E8226608213B90 /* ReflexesTests.swift in Sources */,
				E887C11657B32CE3569D0319 /* RenderTests.swift in Sources */,
				D1F522BCD223D049BB7140F1 /* SceneTests.swift in Sources */,
				11D5AC5BDC71C5AC2724AA74 /* SchedulerTests.swift in Sources */,
				17DAAC43B8476A0F4362C739 /* SchemaParityTests.swift in Sources */,
				3ACB1240743075C175C5EB19 /* TweenTests.swift in Sources */,
			);
			runOnlyForDeploymentPostprocessing = 0;
		};
		5AA639931BD8DDC5E20870E0 /* Sources */ = {
			isa = PBXSourcesBuildPhase;
			buildActionMask = 2147483647;
			files = (
				152E5E00EA536B7C677840E0 /* Arbiter.swift in Sources */,
				0369D47198C41C4F064DF226 /* AvatarLayerView.swift in Sources */,
				6C745B74A044E25DA8E06441 /* AvatarPlateView.swift in Sources */,
				08AC14BA111732E32E7F2133 /* Build.swift in Sources */,
				B828A0E6A26A4C4FCCACB658 /* Channels.swift in Sources */,
				D3D7EED3B9E8155D0B6E3D89 /* Color.swift in Sources */,
				1EF9AD6DFBCA92A469EE72E6 /* Ease.swift in Sources */,
				86B936C2FCA5D9DF89CD6056 /* Engine.swift in Sources */,
				710B1EE06C64D59D42F83B89 /* Environment.swift in Sources */,
				8EB468F3F5CB94B42753E9E8 /* Loader.swift in Sources */,
				9981C0AFE4E083431155AFE9 /* Mat.swift in Sources */,
				A1462F52EA95025AEAF24CC6 /* Morph.swift in Sources */,
				AB9540D42E86F8C2C5177B1C /* Params.swift in Sources */,
				DA4E701BC4E5B1E842AD258C /* ParsedPath.swift in Sources */,
				0DF5669910235616A41DF324 /* PlatformShims.swift in Sources */,
				B61BB72F107F3E93790715A3 /* Poses.swift in Sources */,
				03BD203520FC12145F55D4AB /* Prng.swift in Sources */,
				45805F1065C494361CD3332B /* Reflexes.swift in Sources */,
				2904A18880AAA4DD8001766C /* Rig.swift in Sources */,
				D43BA3D33A58D2134CF2D8C8 /* Scheduler.swift in Sources */,
				17BF64FABE04EBDD0FCB7473 /* Timelines.swift in Sources */,
				8838649E71B1DAE93946BA35 /* Tweens.swift in Sources */,
				4BEE7B2C34F97980C7E45F27 /* Types.swift in Sources */,
			);
			runOnlyForDeploymentPostprocessing = 0;
		};
/* End PBXSourcesBuildPhase section */

/* Begin PBXTargetDependency section */
		20AB892B975FFA3A069D550F /* PBXTargetDependency */ = {
			isa = PBXTargetDependency;
			target = B63AD2DD604CBFC03A7CF9DA /* AvatarAnimationEngine-macOS */;
			targetProxy = 1B63FB57F2D1B806479F8DA0 /* PBXContainerItemProxy */;
		};
/* End PBXTargetDependency section */

/* Begin XCBuildConfiguration section */
		24A4968A49CCB66206372770 /* Release */ = {
			isa = XCBuildConfiguration;
			buildSettings = {
				BUNDLE_LOADER = "$(TEST_HOST)";
				COMBINE_HIDPI_IMAGES = YES;
				GENERATE_INFOPLIST_FILE = YES;
				LD_RUNPATH_SEARCH_PATHS = (
					"$(inherited)",
					"@executable_path/../Frameworks",
					"@loader_path/../Frameworks",
				);
				PRODUCT_BUNDLE_IDENTIFIER = dev.agenticdevelopertoolkit.AvatarAnimationEngine.tests.macos;
				SDKROOT = macosx;
			};
			name = Release;
		};
		3CF4AE313FAC81BFE02B8616 /* Debug */ = {
			isa = XCBuildConfiguration;
			buildSettings = {
				ALWAYS_SEARCH_USER_PATHS = NO;
				CLANG_ANALYZER_NONNULL = YES;
				CLANG_ANALYZER_NUMBER_OBJECT_CONVERSION = YES_AGGRESSIVE;
				CLANG_CXX_LANGUAGE_STANDARD = "gnu++14";
				CLANG_CXX_LIBRARY = "libc++";
				CLANG_ENABLE_MODULES = YES;
				CLANG_ENABLE_OBJC_ARC = YES;
				CLANG_ENABLE_OBJC_WEAK = YES;
				CLANG_WARN_BLOCK_CAPTURE_AUTORELEASING = YES;
				CLANG_WARN_BOOL_CONVERSION = YES;
				CLANG_WARN_COMMA = YES;
				CLANG_WARN_CONSTANT_CONVERSION = YES;
				CLANG_WARN_DEPRECATED_OBJC_IMPLEMENTATIONS = YES;
				CLANG_WARN_DIRECT_OBJC_ISA_USAGE = YES_ERROR;
				CLANG_WARN_DOCUMENTATION_COMMENTS = YES;
				CLANG_WARN_EMPTY_BODY = YES;
				CLANG_WARN_ENUM_CONVERSION = YES;
				CLANG_WARN_INFINITE_RECURSION = YES;
				CLANG_WARN_INT_CONVERSION = YES;
				CLANG_WARN_NON_LITERAL_NULL_CONVERSION = YES;
				CLANG_WARN_OBJC_IMPLICIT_RETAIN_SELF = YES;
				CLANG_WARN_OBJC_LITERAL_CONVERSION = YES;
				CLANG_WARN_OBJC_ROOT_CLASS = YES_ERROR;
				CLANG_WARN_QUOTED_INCLUDE_IN_FRAMEWORK_HEADER = YES;
				CLANG_WARN_RANGE_LOOP_ANALYSIS = YES;
				CLANG_WARN_STRICT_PROTOTYPES = YES;
				CLANG_WARN_SUSPICIOUS_MOVE = YES;
				CLANG_WARN_UNGUARDED_AVAILABILITY = YES_AGGRESSIVE;
				CLANG_WARN_UNREACHABLE_CODE = YES;
				CLANG_WARN__DUPLICATE_METHOD_MATCH = YES;
				COPY_PHASE_STRIP = NO;
				CURRENT_PROJECT_VERSION = 1;
				DEBUG_INFORMATION_FORMAT = dwarf;
				DEFINES_MODULE = YES;
				ENABLE_STRICT_OBJC_MSGSEND = YES;
				ENABLE_TESTABILITY = YES;
				GCC_C_LANGUAGE_STANDARD = gnu11;
				GCC_DYNAMIC_NO_PIC = NO;
				GCC_NO_COMMON_BLOCKS = YES;
				GCC_OPTIMIZATION_LEVEL = 0;
				GCC_PREPROCESSOR_DEFINITIONS = (
					"$(inherited)",
					"DEBUG=1",
				);
				GCC_WARN_64_TO_32_BIT_CONVERSION = YES;
				GCC_WARN_ABOUT_RETURN_TYPE = YES_ERROR;
				GCC_WARN_UNDECLARED_SELECTOR = YES;
				GCC_WARN_UNINITIALIZED_AUTOS = YES_AGGRESSIVE;
				GCC_WARN_UNUSED_FUNCTION = YES;
				GCC_WARN_UNUSED_VARIABLE = YES;
				GENERATE_INFOPLIST_FILE = YES;
				IPHONEOS_DEPLOYMENT_TARGET = 26.0;
				MACOSX_DEPLOYMENT_TARGET = 26.0;
				MARKETING_VERSION = 0.1.0;
				MTL_ENABLE_DEBUG_INFO = INCLUDE_SOURCE;
				MTL_FAST_MATH = YES;
				ONLY_ACTIVE_ARCH = YES;
				PRODUCT_NAME = "$(TARGET_NAME)";
				SKIP_INSTALL = YES;
				SWIFT_ACTIVE_COMPILATION_CONDITIONS = DEBUG;
				SWIFT_OPTIMIZATION_LEVEL = "-Onone";
				SWIFT_STRICT_CONCURRENCY = complete;
				SWIFT_VERSION = 6.0;
			};
			name = Debug;
		};
		66C8AEB0B84C87A9B7DC22B7 /* Debug */ = {
			isa = XCBuildConfiguration;
			buildSettings = {
				CODE_SIGN_IDENTITY = "";
				CURRENT_PROJECT_VERSION = 1;
				DEFINES_MODULE = YES;
				DYLIB_COMPATIBILITY_VERSION = 1;
				DYLIB_CURRENT_VERSION = 1;
				DYLIB_INSTALL_NAME_BASE = "@rpath";
				INSTALL_PATH = "$(LOCAL_LIBRARY_DIR)/Frameworks";
				LD_RUNPATH_SEARCH_PATHS = (
					"$(inherited)",
					"@executable_path/Frameworks",
				);
				PRODUCT_BUNDLE_IDENTIFIER = dev.agenticdevelopertoolkit.AvatarAnimationEngine.lib.ios;
				PRODUCT_NAME = AvatarAnimationEngine;
				SDKROOT = iphoneos;
				SKIP_INSTALL = YES;
				TARGETED_DEVICE_FAMILY = "1,2";
				VERSIONING_SYSTEM = "apple-generic";
			};
			name = Debug;
		};
		A7B9A064115A3CAA27EBBEBA /* Release */ = {
			isa = XCBuildConfiguration;
			buildSettings = {
				CODE_SIGN_IDENTITY = "";
				CURRENT_PROJECT_VERSION = 1;
				DEFINES_MODULE = YES;
				DYLIB_COMPATIBILITY_VERSION = 1;
				DYLIB_CURRENT_VERSION = 1;
				DYLIB_INSTALL_NAME_BASE = "@rpath";
				INSTALL_PATH = "$(LOCAL_LIBRARY_DIR)/Frameworks";
				LD_RUNPATH_SEARCH_PATHS = (
					"$(inherited)",
					"@executable_path/Frameworks",
				);
				PRODUCT_BUNDLE_IDENTIFIER = dev.agenticdevelopertoolkit.AvatarAnimationEngine.lib.ios;
				PRODUCT_NAME = AvatarAnimationEngine;
				SDKROOT = iphoneos;
				SKIP_INSTALL = YES;
				TARGETED_DEVICE_FAMILY = "1,2";
				VERSIONING_SYSTEM = "apple-generic";
			};
			name = Release;
		};
		AC8C45AB3468FEBDB2E921A8 /* Debug */ = {
			isa = XCBuildConfiguration;
			buildSettings = {
				CODE_SIGN_IDENTITY = "";
				COMBINE_HIDPI_IMAGES = YES;
				CURRENT_PROJECT_VERSION = 1;
				DEFINES_MODULE = YES;
				DYLIB_COMPATIBILITY_VERSION = 1;
				DYLIB_CURRENT_VERSION = 1;
				DYLIB_INSTALL_NAME_BASE = "@rpath";
				INSTALL_PATH = "$(LOCAL_LIBRARY_DIR)/Frameworks";
				LD_RUNPATH_SEARCH_PATHS = (
					"$(inherited)",
					"@executable_path/../Frameworks",
				);
				PRODUCT_BUNDLE_IDENTIFIER = dev.agenticdevelopertoolkit.AvatarAnimationEngine.lib.macos;
				PRODUCT_NAME = AvatarAnimationEngine;
				SDKROOT = macosx;
				SKIP_INSTALL = YES;
				VERSIONING_SYSTEM = "apple-generic";
			};
			name = Debug;
		};
		B3F6C7C21EC24390C4E26B82 /* Release */ = {
			isa = XCBuildConfiguration;
			buildSettings = {
				CODE_SIGN_IDENTITY = "";
				COMBINE_HIDPI_IMAGES = YES;
				CURRENT_PROJECT_VERSION = 1;
				DEFINES_MODULE = YES;
				DYLIB_COMPATIBILITY_VERSION = 1;
				DYLIB_CURRENT_VERSION = 1;
				DYLIB_INSTALL_NAME_BASE = "@rpath";
				INSTALL_PATH = "$(LOCAL_LIBRARY_DIR)/Frameworks";
				LD_RUNPATH_SEARCH_PATHS = (
					"$(inherited)",
					"@executable_path/../Frameworks",
				);
				PRODUCT_BUNDLE_IDENTIFIER = dev.agenticdevelopertoolkit.AvatarAnimationEngine.lib.macos;
				PRODUCT_NAME = AvatarAnimationEngine;
				SDKROOT = macosx;
				SKIP_INSTALL = YES;
				VERSIONING_SYSTEM = "apple-generic";
			};
			name = Release;
		};
		E43FE44F102149E4CF357E61 /* Release */ = {
			isa = XCBuildConfiguration;
			buildSettings = {
				ALWAYS_SEARCH_USER_PATHS = NO;
				CLANG_ANALYZER_NONNULL = YES;
				CLANG_ANALYZER_NUMBER_OBJECT_CONVERSION = YES_AGGRESSIVE;
				CLANG_CXX_LANGUAGE_STANDARD = "gnu++14";
				CLANG_CXX_LIBRARY = "libc++";
				CLANG_ENABLE_MODULES = YES;
				CLANG_ENABLE_OBJC_ARC = YES;
				CLANG_ENABLE_OBJC_WEAK = YES;
				CLANG_WARN_BLOCK_CAPTURE_AUTORELEASING = YES;
				CLANG_WARN_BOOL_CONVERSION = YES;
				CLANG_WARN_COMMA = YES;
				CLANG_WARN_CONSTANT_CONVERSION = YES;
				CLANG_WARN_DEPRECATED_OBJC_IMPLEMENTATIONS = YES;
				CLANG_WARN_DIRECT_OBJC_ISA_USAGE = YES_ERROR;
				CLANG_WARN_DOCUMENTATION_COMMENTS = YES;
				CLANG_WARN_EMPTY_BODY = YES;
				CLANG_WARN_ENUM_CONVERSION = YES;
				CLANG_WARN_INFINITE_RECURSION = YES;
				CLANG_WARN_INT_CONVERSION = YES;
				CLANG_WARN_NON_LITERAL_NULL_CONVERSION = YES;
				CLANG_WARN_OBJC_IMPLICIT_RETAIN_SELF = YES;
				CLANG_WARN_OBJC_LITERAL_CONVERSION = YES;
				CLANG_WARN_OBJC_ROOT_CLASS = YES_ERROR;
				CLANG_WARN_QUOTED_INCLUDE_IN_FRAMEWORK_HEADER = YES;
				CLANG_WARN_RANGE_LOOP_ANALYSIS = YES;
				CLANG_WARN_STRICT_PROTOTYPES = YES;
				CLANG_WARN_SUSPICIOUS_MOVE = YES;
				CLANG_WARN_UNGUARDED_AVAILABILITY = YES_AGGRESSIVE;
				CLANG_WARN_UNREACHABLE_CODE = YES;
				CLANG_WARN__DUPLICATE_METHOD_MATCH = YES;
				COPY_PHASE_STRIP = NO;
				CURRENT_PROJECT_VERSION = 1;
				DEBUG_INFORMATION_FORMAT = "dwarf-with-dsym";
				DEFINES_MODULE = YES;
				ENABLE_NS_ASSERTIONS = NO;
				ENABLE_STRICT_OBJC_MSGSEND = YES;
				GCC_C_LANGUAGE_STANDARD = gnu11;
				GCC_NO_COMMON_BLOCKS = YES;
				GCC_WARN_64_TO_32_BIT_CONVERSION = YES;
				GCC_WARN_ABOUT_RETURN_TYPE = YES_ERROR;
				GCC_WARN_UNDECLARED_SELECTOR = YES;
				GCC_WARN_UNINITIALIZED_AUTOS = YES_AGGRESSIVE;
				GCC_WARN_UNUSED_FUNCTION = YES;
				GCC_WARN_UNUSED_VARIABLE = YES;
				GENERATE_INFOPLIST_FILE = YES;
				IPHONEOS_DEPLOYMENT_TARGET = 26.0;
				MACOSX_DEPLOYMENT_TARGET = 26.0;
				MARKETING_VERSION = 0.1.0;
				MTL_ENABLE_DEBUG_INFO = NO;
				MTL_FAST_MATH = YES;
				PRODUCT_NAME = "$(TARGET_NAME)";
				SKIP_INSTALL = YES;
				SWIFT_COMPILATION_MODE = wholemodule;
				SWIFT_OPTIMIZATION_LEVEL = "-O";
				SWIFT_STRICT_CONCURRENCY = complete;
				SWIFT_VERSION = 6.0;
			};
			name = Release;
		};
		FF048A6996B6F1802CA9F5FB /* Debug */ = {
			isa = XCBuildConfiguration;
			buildSettings = {
				BUNDLE_LOADER = "$(TEST_HOST)";
				COMBINE_HIDPI_IMAGES = YES;
				GENERATE_INFOPLIST_FILE = YES;
				LD_RUNPATH_SEARCH_PATHS = (
					"$(inherited)",
					"@executable_path/../Frameworks",
					"@loader_path/../Frameworks",
				);
				PRODUCT_BUNDLE_IDENTIFIER = dev.agenticdevelopertoolkit.AvatarAnimationEngine.tests.macos;
				SDKROOT = macosx;
			};
			name = Debug;
		};
/* End XCBuildConfiguration section */

/* Begin XCConfigurationList section */
		1B8A3FA322899E3649FFF377 /* Build configuration list for PBXProject "AvatarAnimationEngine" */ = {
			isa = XCConfigurationList;
			buildConfigurations = (
				3CF4AE313FAC81BFE02B8616 /* Debug */,
				E43FE44F102149E4CF357E61 /* Release */,
			);
			defaultConfigurationIsVisible = 0;
			defaultConfigurationName = Debug;
		};
		2A4BACDACFF4F1B4540C7FF5 /* Build configuration list for PBXNativeTarget "AvatarAnimationEngine-macOS" */ = {
			isa = XCConfigurationList;
			buildConfigurations = (
				AC8C45AB3468FEBDB2E921A8 /* Debug */,
				B3F6C7C21EC24390C4E26B82 /* Release */,
			);
			defaultConfigurationIsVisible = 0;
			defaultConfigurationName = Debug;
		};
		8B178B4948908575CEA19828 /* Build configuration list for PBXNativeTarget "AvatarAnimationEngineTests-macOS" */ = {
			isa = XCConfigurationList;
			buildConfigurations = (
				FF048A6996B6F1802CA9F5FB /* Debug */,
				24A4968A49CCB66206372770 /* Release */,
			);
			defaultConfigurationIsVisible = 0;
			defaultConfigurationName = Debug;
		};
		A51D7388F2F40760CA0F6000 /* Build configuration list for PBXNativeTarget "AvatarAnimationEngine-iOS" */ = {
			isa = XCConfigurationList;
			buildConfigurations = (
				66C8AEB0B84C87A9B7DC22B7 /* Debug */,
				A7B9A064115A3CAA27EBBEBA /* Release */,
			);
			defaultConfigurationIsVisible = 0;
			defaultConfigurationName = Debug;
		};
/* End XCConfigurationList section */
	};
	rootObject = 0E9DC5E26E0B01A8BFCD2246 /* Project object */;
}
