// !$*UTF8*$!
{
	archiveVersion = 1;
	classes = {
	};
	objectVersion = 77;
	objects = {

/* Begin PBXBuildFile section */
		04A86FDE918B25A5DA976E4E /* AgenticDeveloperToolkit-iOS.framework in Embed Frameworks */ = {isa = PBXBuildFile; fileRef = B3E23849C5D730224938EBFB /* AgenticDeveloperToolkit-iOS.framework */; settings = {ATTRIBUTES = (CodeSignOnCopy, RemoveHeadersOnCopy, ); }; };
		0657B78D4A9AC9B1FAEB7CA9 /* Assets.xcassets in Resources */ = {isa = PBXBuildFile; fileRef = 154EE3814F7C7D1961E3C39B /* Assets.xcassets */; };
		12627AEA94BE661CC03CB93B /* OpenAPIViewerWindow.swift in Sources */ = {isa = PBXBuildFile; fileRef = F5209D4CDA505002787BF89B /* OpenAPIViewerWindow.swift */; };
		1CDB15F2E8D3A43CACCFDE70 /* AgenticDeveloperToolkit-iOS.framework in Frameworks */ = {isa = PBXBuildFile; fileRef = B3E23849C5D730224938EBFB /* AgenticDeveloperToolkit-iOS.framework */; };
		349A66CFFDFEF0C53FA50A0F /* Assets.xcassets in Resources */ = {isa = PBXBuildFile; fileRef = 154EE3814F7C7D1961E3C39B /* Assets.xcassets */; };
		3630B514D72C99CE1FF6565B /* ContentView.swift in Sources */ = {isa = PBXBuildFile; fileRef = DFE61E21ACCECD9B21D352E7 /* ContentView.swift */; };
		36C6B093E4F161B2E2AD53C7 /* WebViewRepresentable.swift in Sources */ = {isa = PBXBuildFile; fileRef = 3A5CA68664629B17D58794B9 /* WebViewRepresentable.swift */; };
		497A3A99A2314B8EE2625607 /* OpenAPIViewerWindow.swift in Sources */ = {isa = PBXBuildFile; fileRef = F5209D4CDA505002787BF89B /* OpenAPIViewerWindow.swift */; };
		506A71D5204957F2203BEDEB /* ContentView.swift in Sources */ = {isa = PBXBuildFile; fileRef = DFE61E21ACCECD9B21D352E7 /* ContentView.swift */; };
		518A139F34BB26251DDB7B2E /* AgenticDeveloperToolkitApp.swift in Sources */ = {isa = PBXBuildFile; fileRef = 807CC7C69065F2D022B7D9AB /* AgenticDeveloperToolkitApp.swift */; };
		57093D7D7F013CE7FCC744F5 /* Assets.xcassets in Resources */ = {isa = PBXBuildFile; fileRef = 154EE3814F7C7D1961E3C39B /* Assets.xcassets */; };
		5B09ABD9AD0CCA721D127EC6 /* AgenticDeveloperToolkitApp.swift in Sources */ = {isa = PBXBuildFile; fileRef = 807CC7C69065F2D022B7D9AB /* AgenticDeveloperToolkitApp.swift */; };
		5E3985C3EE58F26233529EB6 /* WebViewRepresentable.swift in Sources */ = {isa = PBXBuildFile; fileRef = 3A5CA68664629B17D58794B9 /* WebViewRepresentable.swift */; };
		6111AAF28B47763DE74E80C6 /* WebViewRepresentable.swift in Sources */ = {isa = PBXBuildFile; fileRef = 3A5CA68664629B17D58794B9 /* WebViewRepresentable.swift */; };
		674FE054C29C4E3D54276553 /* MarkdownScreen.swift in Sources */ = {isa = PBXBuildFile; fileRef = 0C71560A4AB611E301672479 /* MarkdownScreen.swift */; };
		7214C50C1E199F6BF160A974 /* MarkdownScreen.swift in Sources */ = {isa = PBXBuildFile; fileRef = 0C71560A4AB611E301672479 /* MarkdownScreen.swift */; };
		8817E45DAE8E69C1702BEAE0 /* OpenAPIViewerWindow.swift in Sources */ = {isa = PBXBuildFile; fileRef = F5209D4CDA505002787BF89B /* OpenAPIViewerWindow.swift */; };
		A102D2865B768435282379D4 /* WebViewRepresentable.swift in Sources */ = {isa = PBXBuildFile; fileRef = 3A5CA68664629B17D58794B9 /* WebViewRepresentable.swift */; };
		A18C0A72D2C2E72378BE9E23 /* ContentView.swift in Sources */ = {isa = PBXBuildFile; fileRef = DFE61E21ACCECD9B21D352E7 /* ContentView.swift */; };
		B584DC3DAFE1610F3720DC73 /* Assets.xcassets in Resources */ = {isa = PBXBuildFile; fileRef = 154EE3814F7C7D1961E3C39B /* Assets.xcassets */; };
		C4D6CED5C0831FA3358D15DB /* OpenAPIViewerWindow.swift in Sources */ = {isa = PBXBuildFile; fileRef = F5209D4CDA505002787BF89B /* OpenAPIViewerWindow.swift */; };
		C4E8DD8504047D2004271C26 /* MarkdownScreen.swift in Sources */ = {isa = PBXBuildFile; fileRef = 0C71560A4AB611E301672479 /* MarkdownScreen.swift */; };
		CBFDA1BB1DA0B079C6BA9A8D /* OpenAPIViewerWindow.swift in Sources */ = {isa = PBXBuildFile; fileRef = F5209D4CDA505002787BF89B /* OpenAPIViewerWindow.swift */; };
		E5021A2E0C4BCCE525660CEC /* AgenticDeveloperToolkitApp.swift in Sources */ = {isa = PBXBuildFile; fileRef = 807CC7C69065F2D022B7D9AB /* AgenticDeveloperToolkitApp.swift */; };
		E5A7287E55992537851C2202 /* MarkdownScreen.swift in Sources */ = {isa = PBXBuildFile; fileRef = 0C71560A4AB611E301672479 /* MarkdownScreen.swift */; };
		E682FA4C8FB7019927105F79 /* ContentView.swift in Sources */ = {isa = PBXBuildFile; fileRef = DFE61E21ACCECD9B21D352E7 /* ContentView.swift */; };
		E8A17F401D9BDFFD30F7CC31 /* AgenticDeveloperToolkitUI-iOS.framework in Embed Frameworks */ = {isa = PBXBuildFile; fileRef = 88F2185279A83B58357EBCA0 /* AgenticDeveloperToolkitUI-iOS.framework */; settings = {ATTRIBUTES = (CodeSignOnCopy, RemoveHeadersOnCopy, ); }; };
		EB92AF5AAC3D2D8D42764726 /* Assets.xcassets in Resources */ = {isa = PBXBuildFile; fileRef = 154EE3814F7C7D1961E3C39B /* Assets.xcassets */; };
		EBD90D140E6F58877FF04B1F /* AgenticDeveloperToolkitApp.swift in Sources */ = {isa = PBXBuildFile; fileRef = 807CC7C69065F2D022B7D9AB /* AgenticDeveloperToolkitApp.swift */; };
		ECBCE751BA096168DA9F05C8 /* MarkdownScreen.swift in Sources */ = {isa = PBXBuildFile; fileRef = 0C71560A4AB611E301672479 /* MarkdownScreen.swift */; };
		F076120EF3688B7291BADEF2 /* WebViewRepresentable.swift in Sources */ = {isa = PBXBuildFile; fileRef = 3A5CA68664629B17D58794B9 /* WebViewRepresentable.swift */; };
		F74DA6B50AB1F6269D845AE2 /* AgenticDeveloperToolkitUI-iOS.framework in Frameworks */ = {isa = PBXBuildFile; fileRef = 88F2185279A83B58357EBCA0 /* AgenticDeveloperToolkitUI-iOS.framework */; };
		FD7ACB711783E5682B0D2994 /* AgenticDeveloperToolkitApp.swift in Sources */ = {isa = PBXBuildFile; fileRef = 807CC7C69065F2D022B7D9AB /* AgenticDeveloperToolkitApp.swift */; };
		FDCB6A26E779F5834BA752AA /* ContentView.swift in Sources */ = {isa = PBXBuildFile; fileRef = DFE61E21ACCECD9B21D352E7 /* ContentView.swift */; };
/* End PBXBuildFile section */

/* Begin PBXContainerItemProxy section */
		0180E1A5971A331921D9CC44 /* PBXContainerItemProxy */ = {
			isa = PBXContainerItemProxy;
			containerPortal = 2E6AB16E32E58F9B9A87BCA3 /* AgenticDeveloperToolkit */;
			proxyType = 1;
			remoteGlobalIDString = 82D4BACE3EF682E47C71C0EE;
			remoteInfo = "AgenticDeveloperToolkit-iOS";
		};
		7922C2AC23DA6C2BF11E94FD /* PBXContainerItemProxy */ = {
			isa = PBXContainerItemProxy;
			containerPortal = 2E6AB16E32E58F9B9A87BCA3 /* AgenticDeveloperToolkit */;
			proxyType = 2;
			remoteGlobalIDString = DC56E07A82872631575B61A7;
			remoteInfo = "AgenticDeveloperToolkit-iOS";
		};
		D1D9A19C073CE9E76A337706 /* PBXContainerItemProxy */ = {
			isa = PBXContainerItemProxy;
			containerPortal = 2E6AB16E32E58F9B9A87BCA3 /* AgenticDeveloperToolkit */;
			proxyType = 1;
			remoteGlobalIDString = C30E8CC4D6D008A8A2555ADE;
			remoteInfo = "AgenticDeveloperToolkitUI-iOS";
		};
		E9F3C710CE3945970D683A63 /* PBXContainerItemProxy */ = {
			isa = PBXContainerItemProxy;
			containerPortal = 2E6AB16E32E58F9B9A87BCA3 /* AgenticDeveloperToolkit */;
			proxyType = 2;
			remoteGlobalIDString = E7A1A8E873030EA0447E2DCC;
			remoteInfo = "AgenticDeveloperToolkitUI-iOS";
		};
/* End PBXContainerItemProxy section */

/* Begin PBXCopyFilesBuildPhase section */
		3D2773BF0C6C985909B7637E /* Embed Frameworks */ = {
			isa = PBXCopyFilesBuildPhase;
			buildActionMask = 2147483647;
			dstPath = "";
			dstSubfolderSpec = 10;
			files = (
				E8A17F401D9BDFFD30F7CC31 /* AgenticDeveloperToolkitUI-iOS.framework in Embed Frameworks */,
				04A86FDE918B25A5DA976E4E /* AgenticDeveloperToolkit-iOS.framework in Embed Frameworks */,
			);
			name = "Embed Frameworks";
			runOnlyForDeploymentPostprocessing = 0;
		};
/* End PBXCopyFilesBuildPhase section */

/* Begin PBXFileReference section */
		0C71560A4AB611E301672479 /* MarkdownScreen.swift */ = {isa = PBXFileReference; lastKnownFileType = sourcecode.swift; path = MarkdownScreen.swift; sourceTree = "<group>"; };
		154EE3814F7C7D1961E3C39B /* Assets.xcassets */ = {isa = PBXFileReference; lastKnownFileType = folder.assetcatalog; path = Assets.xcassets; sourceTree = "<group>"; };
		2E6AB16E32E58F9B9A87BCA3 /* AgenticDeveloperToolkit */ = {isa = PBXFileReference; lastKnownFileType = "wrapper.pb-project"; name = AgenticDeveloperToolkit; path = ../AgenticDeveloperToolkit/AgenticDeveloperToolkit.xcodeproj; sourceTree = "<group>"; };
		3A5CA68664629B17D58794B9 /* WebViewRepresentable.swift */ = {isa = PBXFileReference; lastKnownFileType = sourcecode.swift; path = WebViewRepresentable.swift; sourceTree = "<group>"; };
		72C1CB9AB00A2FEB77826EB7 /* AgenticDeveloperToolkitSampleApp-visionOS.app */ = {isa = PBXFileReference; includeInIndex = 0; lastKnownFileType = wrapper.application; path = "AgenticDeveloperToolkitSampleApp-visionOS.app"; sourceTree = BUILT_PRODUCTS_DIR; };
		807CC7C69065F2D022B7D9AB /* AgenticDeveloperToolkitApp.swift */ = {isa = PBXFileReference; lastKnownFileType = sourcecode.swift; path = AgenticDeveloperToolkitApp.swift; sourceTree = "<group>"; };
		9D1495A297B469C4A15F0FBA /* AgenticDeveloperToolkitSampleApp-macOS.app */ = {isa = PBXFileReference; explicitFileType = wrapper.application; includeInIndex = 0; path = "AgenticDeveloperToolkitSampleApp-macOS.app"; sourceTree = BUILT_PRODUCTS_DIR; };
		D61CD2A184A1502A3B059227 /* AgenticDeveloperToolkitSampleApp-iOS.app */ = {isa = PBXFileReference; includeInIndex = 0; lastKnownFileType = wrapper.application; path = "AgenticDeveloperToolkitSampleApp-iOS.app"; sourceTree = BUILT_PRODUCTS_DIR; };
		DBB7703A14849F16CA451C07 /* AgenticDeveloperToolkitSampleApp-tvOS.app */ = {isa = PBXFileReference; includeInIndex = 0; lastKnownFileType = wrapper.application; path = "AgenticDeveloperToolkitSampleApp-tvOS.app"; sourceTree = BUILT_PRODUCTS_DIR; };
		DFE61E21ACCECD9B21D352E7 /* ContentView.swift */ = {isa = PBXFileReference; lastKnownFileType = sourcecode.swift; path = ContentView.swift; sourceTree = "<group>"; };
		E036C3937819DE5BB2CFEA32 /* AgenticDeveloperToolkitSampleApp-watchOS.app */ = {isa = PBXFileReference; explicitFileType = wrapper.application; includeInIndex = 0; path = "AgenticDeveloperToolkitSampleApp-watchOS.app"; sourceTree = BUILT_PRODUCTS_DIR; };
		F5209D4CDA505002787BF89B /* OpenAPIViewerWindow.swift */ = {isa = PBXFileReference; lastKnownFileType = sourcecode.swift; path = OpenAPIViewerWindow.swift; sourceTree = "<group>"; };
/* End PBXFileReference section */

/* Begin PBXFrameworksBuildPhase section */
		F8A696ACE5024A2C9944F76E /* Frameworks */ = {
			isa = PBXFrameworksBuildPhase;
			buildActionMask = 2147483647;
			files = (
				F74DA6B50AB1F6269D845AE2 /* AgenticDeveloperToolkitUI-iOS.framework in Frameworks */,
				1CDB15F2E8D3A43CACCFDE70 /* AgenticDeveloperToolkit-iOS.framework in Frameworks */,
			);
			runOnlyForDeploymentPostprocessing = 0;
		};
/* End PBXFrameworksBuildPhase section */

/* Begin PBXGroup section */
		4D3C312F4D674E85D6FA22EB = {
			isa = PBXGroup;
			children = (
				FF4745C8A2807BE808AFDDF9 /* Resources */,
				D7C801668365EA52568316AD /* Sources */,
				CD47DE9FF46B769DCAABBC4E /* Products */,
				A17F3A491F75B8E66F2F1E59 /* Projects */,
			);
			sourceTree = "<group>";
		};
		A17F3A491F75B8E66F2F1E59 /* Projects */ = {
			isa = PBXGroup;
			children = (
				2E6AB16E32E58F9B9A87BCA3 /* AgenticDeveloperToolkit */,
			);
			name = Projects;
			sourceTree = "<group>";
		};
		BA378BF91A0DEEC9C5705896 /* Products */ = {
			isa = PBXGroup;
			children = (
				88F2185279A83B58357EBCA0 /* AgenticDeveloperToolkitUI-iOS.framework */,
				B3E23849C5D730224938EBFB /* AgenticDeveloperToolkit-iOS.framework */,
			);
			name = Products;
			sourceTree = "<group>";
		};
		CD47DE9FF46B769DCAABBC4E /* Products */ = {
			isa = PBXGroup;
			children = (
				D61CD2A184A1502A3B059227 /* AgenticDeveloperToolkitSampleApp-iOS.app */,
				9D1495A297B469C4A15F0FBA /* AgenticDeveloperToolkitSampleApp-macOS.app */,
				DBB7703A14849F16CA451C07 /* AgenticDeveloperToolkitSampleApp-tvOS.app */,
				72C1CB9AB00A2FEB77826EB7 /* AgenticDeveloperToolkitSampleApp-visionOS.app */,
				E036C3937819DE5BB2CFEA32 /* AgenticDeveloperToolkitSampleApp-watchOS.app */,
			);
			name = Products;
			sourceTree = "<group>";
		};
		D7C801668365EA52568316AD /* Sources */ = {
			isa = PBXGroup;
			children = (
				807CC7C69065F2D022B7D9AB /* AgenticDeveloperToolkitApp.swift */,
				DFE61E21ACCECD9B21D352E7 /* ContentView.swift */,
				0C71560A4AB611E301672479 /* MarkdownScreen.swift */,
				F5209D4CDA505002787BF89B /* OpenAPIViewerWindow.swift */,
				3A5CA68664629B17D58794B9 /* WebViewRepresentable.swift */,
			);
			path = Sources;
			sourceTree = "<group>";
		};
		FF4745C8A2807BE808AFDDF9 /* Resources */ = {
			isa = PBXGroup;
			children = (
				154EE3814F7C7D1961E3C39B /* Assets.xcassets */,
			);
			path = Resources;
			sourceTree = "<group>";
		};
/* End PBXGroup section */

/* Begin PBXNativeTarget section */
		38E32A5546467E558BFC179C /* AgenticDeveloperToolkitSampleApp-tvOS */ = {
			isa = PBXNativeTarget;
			buildConfigurationList = 34DDBA7BD7557CFC36737D86 /* Build configuration list for PBXNativeTarget "AgenticDeveloperToolkitSampleApp-tvOS" */;
			buildPhases = (
				9F05C5468B051DDADB8292AF /* Sources */,
				4CE130FAF69D4C0C1824F63D /* Resources */,
			);
			buildRules = (
			);
			dependencies = (
			);
			name = "AgenticDeveloperToolkitSampleApp-tvOS";
			packageProductDependencies = (
			);
			productName = "AgenticDeveloperToolkitSampleApp-tvOS";
			productReference = DBB7703A14849F16CA451C07 /* AgenticDeveloperToolkitSampleApp-tvOS.app */;
			productType = "com.apple.product-type.application";
		};
		8A8CECA445B2F224D52DE1C4 /* AgenticDeveloperToolkitSampleApp-iOS */ = {
			isa = PBXNativeTarget;
			buildConfigurationList = 49F3DBC380259C226A645EE9 /* Build configuration list for PBXNativeTarget "AgenticDeveloperToolkitSampleApp-iOS" */;
			buildPhases = (
				94D784D35B00811467894E87 /* Sources */,
				59E9DCA9455711EC97D64444 /* Resources */,
				F8A696ACE5024A2C9944F76E /* Frameworks */,
				3D2773BF0C6C985909B7637E /* Embed Frameworks */,
			);
			buildRules = (
			);
			dependencies = (
				C211DA3707300779DFE6A5CA /* PBXTargetDependency */,
				BB4B279C76D746F9E4C4A48F /* PBXTargetDependency */,
			);
			name = "AgenticDeveloperToolkitSampleApp-iOS";
			packageProductDependencies = (
			);
			productName = "AgenticDeveloperToolkitSampleApp-iOS";
			productReference = D61CD2A184A1502A3B059227 /* AgenticDeveloperToolkitSampleApp-iOS.app */;
			productType = "com.apple.product-type.application";
		};
		BCD96728C63519A26AC7EB58 /* AgenticDeveloperToolkitSampleApp-watchOS */ = {
			isa = PBXNativeTarget;
			buildConfigurationList = 95B0099C24FFF2BA5857888A /* Build configuration list for PBXNativeTarget "AgenticDeveloperToolkitSampleApp-watchOS" */;
			buildPhases = (
				0DEAE16611BFC3F49F47D5B0 /* Sources */,
				12CFCFC11681DB9A07377081 /* Resources */,
			);
			buildRules = (
			);
			dependencies = (
			);
			name = "AgenticDeveloperToolkitSampleApp-watchOS";
			packageProductDependencies = (
			);
			productName = "AgenticDeveloperToolkitSampleApp-watchOS";
			productReference = E036C3937819DE5BB2CFEA32 /* AgenticDeveloperToolkitSampleApp-watchOS.app */;
			productType = "com.apple.product-type.application";
		};
		CDB0114AD9E8CD02703D9E0E /* AgenticDeveloperToolkitSampleApp-visionOS */ = {
			isa = PBXNativeTarget;
			buildConfigurationList = C53335E7F90AEF502E21DBF7 /* Build configuration list for PBXNativeTarget "AgenticDeveloperToolkitSampleApp-visionOS" */;
			buildPhases = (
				4844D27A23F1309DF7EC26CF /* Sources */,
				E5D571E95974A230770CE696 /* Resources */,
			);
			buildRules = (
			);
			dependencies = (
			);
			name = "AgenticDeveloperToolkitSampleApp-visionOS";
			packageProductDependencies = (
			);
			productName = "AgenticDeveloperToolkitSampleApp-visionOS";
			productReference = 72C1CB9AB00A2FEB77826EB7 /* AgenticDeveloperToolkitSampleApp-visionOS.app */;
			productType = "com.apple.product-type.application";
		};
		EF98E589879E26A6CC9B3900 /* AgenticDeveloperToolkitSampleApp-macOS */ = {
			isa = PBXNativeTarget;
			buildConfigurationList = 8756ABEC2CDC4DB7331A072A /* Build configuration list for PBXNativeTarget "AgenticDeveloperToolkitSampleApp-macOS" */;
			buildPhases = (
				3895CADEDCC87FE448E6F8C0 /* Sources */,
				CF2EDE4E8566127C3EEAF66F /* Resources */,
			);
			buildRules = (
			);
			dependencies = (
			);
			name = "AgenticDeveloperToolkitSampleApp-macOS";
			packageProductDependencies = (
			);
			productName = "AgenticDeveloperToolkitSampleApp-macOS";
			productReference = 9D1495A297B469C4A15F0FBA /* AgenticDeveloperToolkitSampleApp-macOS.app */;
			productType = "com.apple.product-type.application";
		};
/* End PBXNativeTarget section */

/* Begin PBXProject section */
		76F3BC67AE0CD44B820D8889 /* Project object */ = {
			isa = PBXProject;
			attributes = {
				BuildIndependentTargetsInParallel = YES;
				LastUpgradeCheck = 1430;
				TargetAttributes = {
					38E32A5546467E558BFC179C = {
						ProvisioningStyle = Automatic;
					};
					8A8CECA445B2F224D52DE1C4 = {
						ProvisioningStyle = Automatic;
					};
					BCD96728C63519A26AC7EB58 = {
						ProvisioningStyle = Automatic;
					};
					CDB0114AD9E8CD02703D9E0E = {
						ProvisioningStyle = Automatic;
					};
					EF98E589879E26A6CC9B3900 = {
						ProvisioningStyle = Automatic;
					};
				};
			};
			buildConfigurationList = 09A0C8BFEF7575A42E9DD1BB /* Build configuration list for PBXProject "AgenticDeveloperToolkitSampleApp" */;
			developmentRegion = en;
			hasScannedForEncodings = 0;
			knownRegions = (
				Base,
				en,
			);
			mainGroup = 4D3C312F4D674E85D6FA22EB;
			minimizedProjectReferenceProxies = 1;
			preferredProjectObjectVersion = 77;
			productRefGroup = CD47DE9FF46B769DCAABBC4E /* Products */;
			projectDirPath = "";
			projectReferences = (
				{
					ProductGroup = BA378BF91A0DEEC9C5705896 /* Products */;
					ProjectRef = 2E6AB16E32E58F9B9A87BCA3 /* AgenticDeveloperToolkit */;
				},
			);
			projectRoot = "";
			targets = (
				8A8CECA445B2F224D52DE1C4 /* AgenticDeveloperToolkitSampleApp-iOS */,
				EF98E589879E26A6CC9B3900 /* AgenticDeveloperToolkitSampleApp-macOS */,
				38E32A5546467E558BFC179C /* AgenticDeveloperToolkitSampleApp-tvOS */,
				CDB0114AD9E8CD02703D9E0E /* AgenticDeveloperToolkitSampleApp-visionOS */,
				BCD96728C63519A26AC7EB58 /* AgenticDeveloperToolkitSampleApp-watchOS */,
			);
		};
/* End PBXProject section */

/* Begin PBXReferenceProxy section */
		88F2185279A83B58357EBCA0 /* AgenticDeveloperToolkitUI-iOS.framework */ = {
			isa = PBXReferenceProxy;
			fileType = wrapper.framework;
			path = "AgenticDeveloperToolkitUI-iOS.framework";
			remoteRef = E9F3C710CE3945970D683A63 /* PBXContainerItemProxy */;
			sourceTree = BUILT_PRODUCTS_DIR;
		};
		B3E23849C5D730224938EBFB /* AgenticDeveloperToolkit-iOS.framework */ = {
			isa = PBXReferenceProxy;
			fileType = wrapper.framework;
			path = "AgenticDeveloperToolkit-iOS.framework";
			remoteRef = 7922C2AC23DA6C2BF11E94FD /* PBXContainerItemProxy */;
			sourceTree = BUILT_PRODUCTS_DIR;
		};
/* End PBXReferenceProxy section */

/* Begin PBXResourcesBuildPhase section */
		12CFCFC11681DB9A07377081 /* Resources */ = {
			isa = PBXResourcesBuildPhase;
			buildActionMask = 2147483647;
			files = (
				57093D7D7F013CE7FCC744F5 /* Assets.xcassets in Resources */,
			);
			runOnlyForDeploymentPostprocessing = 0;
		};
		4CE130FAF69D4C0C1824F63D /* Resources */ = {
			isa = PBXResourcesBuildPhase;
			buildActionMask = 2147483647;
			files = (
				349A66CFFDFEF0C53FA50A0F /* Assets.xcassets in Resources */,
			);
			runOnlyForDeploymentPostprocessing = 0;
		};
		59E9DCA9455711EC97D64444 /* Resources */ = {
			isa = PBXResourcesBuildPhase;
			buildActionMask = 2147483647;
			files = (
				B584DC3DAFE1610F3720DC73 /* Assets.xcassets in Resources */,
			);
			runOnlyForDeploymentPostprocessing = 0;
		};
		CF2EDE4E8566127C3EEAF66F /* Resources */ = {
			isa = PBXResourcesBuildPhase;
			buildActionMask = 2147483647;
			files = (
				EB92AF5AAC3D2D8D42764726 /* Assets.xcassets in Resources */,
			);
			runOnlyForDeploymentPostprocessing = 0;
		};
		E5D571E95974A230770CE696 /* Resources */ = {
			isa = PBXResourcesBuildPhase;
			buildActionMask = 2147483647;
			files = (
				0657B78D4A9AC9B1FAEB7CA9 /* Assets.xcassets in Resources */,
			);
			runOnlyForDeploymentPostprocessing = 0;
		};
/* End PBXResourcesBuildPhase section */

/* Begin PBXSourcesBuildPhase section */
		0DEAE16611BFC3F49F47D5B0 /* Sources */ = {
			isa = PBXSourcesBuildPhase;
			buildActionMask = 2147483647;
			files = (
				FD7ACB711783E5682B0D2994 /* AgenticDeveloperToolkitApp.swift in Sources */,
				A18C0A72D2C2E72378BE9E23 /* ContentView.swift in Sources */,
				ECBCE751BA096168DA9F05C8 /* MarkdownScreen.swift in Sources */,
				C4D6CED5C0831FA3358D15DB /* OpenAPIViewerWindow.swift in Sources */,
				6111AAF28B47763DE74E80C6 /* WebViewRepresentable.swift in Sources */,
			);
			runOnlyForDeploymentPostprocessing = 0;
		};
		3895CADEDCC87FE448E6F8C0 /* Sources */ = {
			isa = PBXSourcesBuildPhase;
			buildActionMask = 2147483647;
			files = (
				EBD90D140E6F58877FF04B1F /* AgenticDeveloperToolkitApp.swift in Sources */,
				E682FA4C8FB7019927105F79 /* ContentView.swift in Sources */,
				7214C50C1E199F6BF160A974 /* MarkdownScreen.swift in Sources */,
				8817E45DAE8E69C1702BEAE0 /* OpenAPIViewerWindow.swift in Sources */,
				F076120EF3688B7291BADEF2 /* WebViewRepresentable.swift in Sources */,
			);
			runOnlyForDeploymentPostprocessing = 0;
		};
		4844D27A23F1309DF7EC26CF /* Sources */ = {
			isa = PBXSourcesBuildPhase;
			buildActionMask = 2147483647;
			files = (
				E5021A2E0C4BCCE525660CEC /* AgenticDeveloperToolkitApp.swift in Sources */,
				FDCB6A26E779F5834BA752AA /* ContentView.swift in Sources */,
				E5A7287E55992537851C2202 /* MarkdownScreen.swift in Sources */,
				12627AEA94BE661CC03CB93B /* OpenAPIViewerWindow.swift in Sources */,
				A102D2865B768435282379D4 /* WebViewRepresentable.swift in Sources */,
			);
			runOnlyForDeploymentPostprocessing = 0;
		};
		94D784D35B00811467894E87 /* Sources */ = {
			isa = PBXSourcesBuildPhase;
			buildActionMask = 2147483647;
			files = (
				518A139F34BB26251DDB7B2E /* AgenticDeveloperToolkitApp.swift in Sources */,
				3630B514D72C99CE1FF6565B /* ContentView.swift in Sources */,
				C4E8DD8504047D2004271C26 /* MarkdownScreen.swift in Sources */,
				497A3A99A2314B8EE2625607 /* OpenAPIViewerWindow.swift in Sources */,
				36C6B093E4F161B2E2AD53C7 /* WebViewRepresentable.swift in Sources */,
			);
			runOnlyForDeploymentPostprocessing = 0;
		};
		9F05C5468B051DDADB8292AF /* Sources */ = {
			isa = PBXSourcesBuildPhase;
			buildActionMask = 2147483647;
			files = (
				5B09ABD9AD0CCA721D127EC6 /* AgenticDeveloperToolkitApp.swift in Sources */,
				506A71D5204957F2203BEDEB /* ContentView.swift in Sources */,
				674FE054C29C4E3D54276553 /* MarkdownScreen.swift in Sources */,
				CBFDA1BB1DA0B079C6BA9A8D /* OpenAPIViewerWindow.swift in Sources */,
				5E3985C3EE58F26233529EB6 /* WebViewRepresentable.swift in Sources */,
			);
			runOnlyForDeploymentPostprocessing = 0;
		};
/* End PBXSourcesBuildPhase section */

/* Begin PBXTargetDependency section */
		BB4B279C76D746F9E4C4A48F /* PBXTargetDependency */ = {
			isa = PBXTargetDependency;
			name = "AgenticDeveloperToolkit-iOS";
			targetProxy = 0180E1A5971A331921D9CC44 /* PBXContainerItemProxy */;
		};
		C211DA3707300779DFE6A5CA /* PBXTargetDependency */ = {
			isa = PBXTargetDependency;
			name = "AgenticDeveloperToolkitUI-iOS";
			targetProxy = D1D9A19C073CE9E76A337706 /* PBXContainerItemProxy */;
		};
/* End PBXTargetDependency section */

/* Begin XCBuildConfiguration section */
		2A9F098A7D0C24BBDA62E17B /* Debug */ = {
			isa = XCBuildConfiguration;
			buildSettings = {
				ASSETCATALOG_COMPILER_APPICON_NAME = AppIcon;
				CODE_SIGN_IDENTITY = "-";
				COMBINE_HIDPI_IMAGES = YES;
				ENABLE_HARDENED_RUNTIME = YES;
				INFOPLIST_KEY_LSApplicationCategoryType = "public.app-category.developer-tools";
				LD_RUNPATH_SEARCH_PATHS = (
					"$(inherited)",
					"@executable_path/../Frameworks",
				);
				PRODUCT_BUNDLE_IDENTIFIER = com.mikefullerton.AgenticDeveloperToolkit.macos;
				SDKROOT = macosx;
			};
			name = Debug;
		};
		2DC88E6466E9A530F4C3A1AE /* Debug */ = {
			isa = XCBuildConfiguration;
			buildSettings = {
				ASSETCATALOG_COMPILER_APPICON_NAME = "App Icon & Top Shelf Image";
				ASSETCATALOG_COMPILER_LAUNCHIMAGE_NAME = LaunchImage;
				LD_RUNPATH_SEARCH_PATHS = (
					"$(inherited)",
					"@executable_path/Frameworks",
				);
				PRODUCT_BUNDLE_IDENTIFIER = com.mikefullerton.AgenticDeveloperToolkit.tvos;
				SDKROOT = appletvos;
				TARGETED_DEVICE_FAMILY = 3;
			};
			name = Debug;
		};
		63E710CB984DEF3379F8CA40 /* Debug */ = {
			isa = XCBuildConfiguration;
			buildSettings = {
				ASSETCATALOG_COMPILER_APPICON_NAME = AppIcon;
				LD_RUNPATH_SEARCH_PATHS = (
					"$(inherited)",
					"@executable_path/Frameworks",
				);
				PRODUCT_BUNDLE_IDENTIFIER = com.mikefullerton.AgenticDeveloperToolkit.visionos;
				SDKROOT = xros;
				TARGETED_DEVICE_FAMILY = 7;
			};
			name = Debug;
		};
		647424F3D343D16D9DCE0F03 /* Debug */ = {
			isa = XCBuildConfiguration;
			buildSettings = {
				ALWAYS_SEARCH_USER_PATHS = NO;
				ASSETCATALOG_COMPILER_APPICON_NAME = AppIcon;
				ASSETCATALOG_COMPILER_GLOBAL_ACCENT_COLOR_NAME = AccentColor;
				CLANG_ANALYZER_NONNULL = YES;
				CLANG_ANALYZER_NUMBER_OBJECT_CONVERSION = YES_AGGRESSIVE;
				CLANG_CXX_LANGUAGE_STANDARD = "gnu++14";
				CLANG_CXX_LIBRARY = "libc++";
				CLANG_ENABLE_MODULES = YES;
				CLANG_ENABLE_OBJC_ARC = YES;
				CLANG_ENABLE_OBJC_WEAK = YES;
				CLANG_WARN_BLOCK_CAPTURE_AUTORELEASING = YES;
				CLANG_WARN_BOOL_CONVERSION = YES;
				CLANG_WARN_COMMA = YES;
				CLANG_WARN_CONSTANT_CONVERSION = YES;
				CLANG_WARN_DEPRECATED_OBJC_IMPLEMENTATIONS = YES;
				CLANG_WARN_DIRECT_OBJC_ISA_USAGE = YES_ERROR;
				CLANG_WARN_DOCUMENTATION_COMMENTS = YES;
				CLANG_WARN_EMPTY_BODY = YES;
				CLANG_WARN_ENUM_CONVERSION = YES;
				CLANG_WARN_INFINITE_RECURSION = YES;
				CLANG_WARN_INT_CONVERSION = YES;
				CLANG_WARN_NON_LITERAL_NULL_CONVERSION = YES;
				CLANG_WARN_OBJC_IMPLICIT_RETAIN_SELF = YES;
				CLANG_WARN_OBJC_LITERAL_CONVERSION = YES;
				CLANG_WARN_OBJC_ROOT_CLASS = YES_ERROR;
				CLANG_WARN_QUOTED_INCLUDE_IN_FRAMEWORK_HEADER = YES;
				CLANG_WARN_RANGE_LOOP_ANALYSIS = YES;
				CLANG_WARN_STRICT_PROTOTYPES = YES;
				CLANG_WARN_SUSPICIOUS_MOVE = YES;
				CLANG_WARN_UNGUARDED_AVAILABILITY = YES_AGGRESSIVE;
				CLANG_WARN_UNREACHABLE_CODE = YES;
				CLANG_WARN__DUPLICATE_METHOD_MATCH = YES;
				CODE_SIGN_STYLE = Automatic;
				COPY_PHASE_STRIP = NO;
				CURRENT_PROJECT_VERSION = 1;
				DEBUG_INFORMATION_FORMAT = dwarf;
				ENABLE_STRICT_OBJC_MSGSEND = YES;
				ENABLE_TESTABILITY = YES;
				GCC_C_LANGUAGE_STANDARD = gnu11;
				GCC_DYNAMIC_NO_PIC = NO;
				GCC_NO_COMMON_BLOCKS = YES;
				GCC_OPTIMIZATION_LEVEL = 0;
				GCC_PREPROCESSOR_DEFINITIONS = (
					"$(inherited)",
					"DEBUG=1",
				);
				GCC_WARN_64_TO_32_BIT_CONVERSION = YES;
				GCC_WARN_ABOUT_RETURN_TYPE = YES_ERROR;
				GCC_WARN_UNDECLARED_SELECTOR = YES;
				GCC_WARN_UNINITIALIZED_AUTOS = YES_AGGRESSIVE;
				GCC_WARN_UNUSED_FUNCTION = YES;
				GCC_WARN_UNUSED_VARIABLE = YES;
				GENERATE_INFOPLIST_FILE = YES;
				IPHONEOS_DEPLOYMENT_TARGET = 17.0;
				MACOSX_DEPLOYMENT_TARGET = 14.0;
				MARKETING_VERSION = 0.1.0;
				MTL_ENABLE_DEBUG_INFO = INCLUDE_SOURCE;
				MTL_FAST_MATH = YES;
				ONLY_ACTIVE_ARCH = YES;
				PRODUCT_NAME = "Agentic Developer Toolkit";
				SWIFT_ACTIVE_COMPILATION_CONDITIONS = DEBUG;
				SWIFT_OPTIMIZATION_LEVEL = "-Onone";
				SWIFT_VERSION = 5.10;
				TVOS_DEPLOYMENT_TARGET = 17.0;
				WATCHOS_DEPLOYMENT_TARGET = 10.0;
				XROS_DEPLOYMENT_TARGET = 1.0;
			};
			name = Debug;
		};
		69D287F3165B5BD826CBF5D6 /* Release */ = {
			isa = XCBuildConfiguration;
			buildSettings = {
				ASSETCATALOG_COMPILER_APPICON_NAME = AppIcon;
				CODE_SIGN_IDENTITY = "iPhone Developer";
				INFOPLIST_KEY_UIApplicationSceneManifest_Generation = YES;
				INFOPLIST_KEY_UILaunchScreen_Generation = YES;
				INFOPLIST_KEY_UISupportedInterfaceOrientations = "UIInterfaceOrientationPortrait UIInterfaceOrientationLandscapeLeft UIInterfaceOrientationLandscapeRight";
				LD_RUNPATH_SEARCH_PATHS = (
					"$(inherited)",
					"@executable_path/Frameworks",
				);
				PRODUCT_BUNDLE_IDENTIFIER = com.mikefullerton.AgenticDeveloperToolkit.ios;
				SDKROOT = iphoneos;
				TARGETED_DEVICE_FAMILY = "1,2";
			};
			name = Release;
		};
		6E0C14C363E62BA15CE40ADB /* Release */ = {
			isa = XCBuildConfiguration;
			buildSettings = {
				ASSETCATALOG_COMPILER_APPICON_NAME = AppIcon;
				CODE_SIGN_IDENTITY = "-";
				COMBINE_HIDPI_IMAGES = YES;
				ENABLE_HARDENED_RUNTIME = YES;
				INFOPLIST_KEY_LSApplicationCategoryType = "public.app-category.developer-tools";
				LD_RUNPATH_SEARCH_PATHS = (
					"$(inherited)",
					"@executable_path/../Frameworks",
				);
				PRODUCT_BUNDLE_IDENTIFIER = com.mikefullerton.AgenticDeveloperToolkit.macos;
				SDKROOT = macosx;
			};
			name = Release;
		};
		9D17F40D18743F4291071354 /* Debug */ = {
			isa = XCBuildConfiguration;
			buildSettings = {
				ASSETCATALOG_COMPILER_APPICON_NAME = AppIcon;
				CODE_SIGN_IDENTITY = "iPhone Developer";
				INFOPLIST_KEY_UIApplicationSceneManifest_Generation = YES;
				INFOPLIST_KEY_UILaunchScreen_Generation = YES;
				INFOPLIST_KEY_UISupportedInterfaceOrientations = "UIInterfaceOrientationPortrait UIInterfaceOrientationLandscapeLeft UIInterfaceOrientationLandscapeRight";
				LD_RUNPATH_SEARCH_PATHS = (
					"$(inherited)",
					"@executable_path/Frameworks",
				);
				PRODUCT_BUNDLE_IDENTIFIER = com.mikefullerton.AgenticDeveloperToolkit.ios;
				SDKROOT = iphoneos;
				TARGETED_DEVICE_FAMILY = "1,2";
			};
			name = Debug;
		};
		AAA157E7078845E528955C95 /* Debug */ = {
			isa = XCBuildConfiguration;
			buildSettings = {
				ASSETCATALOG_COMPILER_APPICON_NAME = AppIcon;
				INFOPLIST_KEY_WKApplication = YES;
				INFOPLIST_KEY_WKRunsIndependentlyOfCompanionApp = YES;
				PRODUCT_BUNDLE_IDENTIFIER = com.mikefullerton.AgenticDeveloperToolkit.watchos;
				SDKROOT = watchos;
				SKIP_INSTALL = YES;
				TARGETED_DEVICE_FAMILY = 4;
			};
			name = Debug;
		};
		B5537244AC1A7286460A8D4A /* Release */ = {
			isa = XCBuildConfiguration;
			buildSettings = {
				ASSETCATALOG_COMPILER_APPICON_NAME = "App Icon & Top Shelf Image";
				ASSETCATALOG_COMPILER_LAUNCHIMAGE_NAME = LaunchImage;
				LD_RUNPATH_SEARCH_PATHS = (
					"$(inherited)",
					"@executable_path/Frameworks",
				);
				PRODUCT_BUNDLE_IDENTIFIER = com.mikefullerton.AgenticDeveloperToolkit.tvos;
				SDKROOT = appletvos;
				TARGETED_DEVICE_FAMILY = 3;
			};
			name = Release;
		};
		E210C537C3F882B30A691838 /* Release */ = {
			isa = XCBuildConfiguration;
			buildSettings = {
				ASSETCATALOG_COMPILER_APPICON_NAME = AppIcon;
				INFOPLIST_KEY_WKApplication = YES;
				INFOPLIST_KEY_WKRunsIndependentlyOfCompanionApp = YES;
				PRODUCT_BUNDLE_IDENTIFIER = com.mikefullerton.AgenticDeveloperToolkit.watchos;
				SDKROOT = watchos;
				SKIP_INSTALL = YES;
				TARGETED_DEVICE_FAMILY = 4;
			};
			name = Release;
		};
		E388C574D7E5055FF4D56907 /* Release */ = {
			isa = XCBuildConfiguration;
			buildSettings = {
				ASSETCATALOG_COMPILER_APPICON_NAME = AppIcon;
				LD_RUNPATH_SEARCH_PATHS = (
					"$(inherited)",
					"@executable_path/Frameworks",
				);
				PRODUCT_BUNDLE_IDENTIFIER = com.mikefullerton.AgenticDeveloperToolkit.visionos;
				SDKROOT = xros;
				TARGETED_DEVICE_FAMILY = 7;
			};
			name = Release;
		};
		EA4B28AAAC001E1C13272737 /* Release */ = {
			isa = XCBuildConfiguration;
			buildSettings = {
				ALWAYS_SEARCH_USER_PATHS = NO;
				ASSETCATALOG_COMPILER_APPICON_NAME = AppIcon;
				ASSETCATALOG_COMPILER_GLOBAL_ACCENT_COLOR_NAME = AccentColor;
				CLANG_ANALYZER_NONNULL = YES;
				CLANG_ANALYZER_NUMBER_OBJECT_CONVERSION = YES_AGGRESSIVE;
				CLANG_CXX_LANGUAGE_STANDARD = "gnu++14";
				CLANG_CXX_LIBRARY = "libc++";
				CLANG_ENABLE_MODULES = YES;
				CLANG_ENABLE_OBJC_ARC = YES;
				CLANG_ENABLE_OBJC_WEAK = YES;
				CLANG_WARN_BLOCK_CAPTURE_AUTORELEASING = YES;
				CLANG_WARN_BOOL_CONVERSION = YES;
				CLANG_WARN_COMMA = YES;
				CLANG_WARN_CONSTANT_CONVERSION = YES;
				CLANG_WARN_DEPRECATED_OBJC_IMPLEMENTATIONS = YES;
				CLANG_WARN_DIRECT_OBJC_ISA_USAGE = YES_ERROR;
				CLANG_WARN_DOCUMENTATION_COMMENTS = YES;
				CLANG_WARN_EMPTY_BODY = YES;
				CLANG_WARN_ENUM_CONVERSION = YES;
				CLANG_WARN_INFINITE_RECURSION = YES;
				CLANG_WARN_INT_CONVERSION = YES;
				CLANG_WARN_NON_LITERAL_NULL_CONVERSION = YES;
				CLANG_WARN_OBJC_IMPLICIT_RETAIN_SELF = YES;
				CLANG_WARN_OBJC_LITERAL_CONVERSION = YES;
				CLANG_WARN_OBJC_ROOT_CLASS = YES_ERROR;
				CLANG_WARN_QUOTED_INCLUDE_IN_FRAMEWORK_HEADER = YES;
				CLANG_WARN_RANGE_LOOP_ANALYSIS = YES;
				CLANG_WARN_STRICT_PROTOTYPES = YES;
				CLANG_WARN_SUSPICIOUS_MOVE = YES;
				CLANG_WARN_UNGUARDED_AVAILABILITY = YES_AGGRESSIVE;
				CLANG_WARN_UNREACHABLE_CODE = YES;
				CLANG_WARN__DUPLICATE_METHOD_MATCH = YES;
				CODE_SIGN_STYLE = Automatic;
				COPY_PHASE_STRIP = NO;
				CURRENT_PROJECT_VERSION = 1;
				DEBUG_INFORMATION_FORMAT = "dwarf-with-dsym";
				ENABLE_NS_ASSERTIONS = NO;
				ENABLE_STRICT_OBJC_MSGSEND = YES;
				GCC_C_LANGUAGE_STANDARD = gnu11;
				GCC_NO_COMMON_BLOCKS = YES;
				GCC_WARN_64_TO_32_BIT_CONVERSION = YES;
				GCC_WARN_ABOUT_RETURN_TYPE = YES_ERROR;
				GCC_WARN_UNDECLARED_SELECTOR = YES;
				GCC_WARN_UNINITIALIZED_AUTOS = YES_AGGRESSIVE;
				GCC_WARN_UNUSED_FUNCTION = YES;
				GCC_WARN_UNUSED_VARIABLE = YES;
				GENERATE_INFOPLIST_FILE = YES;
				IPHONEOS_DEPLOYMENT_TARGET = 17.0;
				MACOSX_DEPLOYMENT_TARGET = 14.0;
				MARKETING_VERSION = 0.1.0;
				MTL_ENABLE_DEBUG_INFO = NO;
				MTL_FAST_MATH = YES;
				PRODUCT_NAME = "Agentic Developer Toolkit";
				SWIFT_COMPILATION_MODE = wholemodule;
				SWIFT_OPTIMIZATION_LEVEL = "-O";
				SWIFT_VERSION = 5.10;
				TVOS_DEPLOYMENT_TARGET = 17.0;
				WATCHOS_DEPLOYMENT_TARGET = 10.0;
				XROS_DEPLOYMENT_TARGET = 1.0;
			};
			name = Release;
		};
/* End XCBuildConfiguration section */

/* Begin XCConfigurationList section */
		09A0C8BFEF7575A42E9DD1BB /* Build configuration list for PBXProject "AgenticDeveloperToolkitSampleApp" */ = {
			isa = XCConfigurationList;
			buildConfigurations = (
				647424F3D343D16D9DCE0F03 /* Debug */,
				EA4B28AAAC001E1C13272737 /* Release */,
			);
			defaultConfigurationIsVisible = 0;
			defaultConfigurationName = Debug;
		};
		34DDBA7BD7557CFC36737D86 /* Build configuration list for PBXNativeTarget "AgenticDeveloperToolkitSampleApp-tvOS" */ = {
			isa = XCConfigurationList;
			buildConfigurations = (
				2DC88E6466E9A530F4C3A1AE /* Debug */,
				B5537244AC1A7286460A8D4A /* Release */,
			);
			defaultConfigurationIsVisible = 0;
			defaultConfigurationName = Debug;
		};
		49F3DBC380259C226A645EE9 /* Build configuration list for PBXNativeTarget "AgenticDeveloperToolkitSampleApp-iOS" */ = {
			isa = XCConfigurationList;
			buildConfigurations = (
				9D17F40D18743F4291071354 /* Debug */,
				69D287F3165B5BD826CBF5D6 /* Release */,
			);
			defaultConfigurationIsVisible = 0;
			defaultConfigurationName = Debug;
		};
		8756ABEC2CDC4DB7331A072A /* Build configuration list for PBXNativeTarget "AgenticDeveloperToolkitSampleApp-macOS" */ = {
			isa = XCConfigurationList;
			buildConfigurations = (
				2A9F098A7D0C24BBDA62E17B /* Debug */,
				6E0C14C363E62BA15CE40ADB /* Release */,
			);
			defaultConfigurationIsVisible = 0;
			defaultConfigurationName = Debug;
		};
		95B0099C24FFF2BA5857888A /* Build configuration list for PBXNativeTarget "AgenticDeveloperToolkitSampleApp-watchOS" */ = {
			isa = XCConfigurationList;
			buildConfigurations = (
				AAA157E7078845E528955C95 /* Debug */,
				E210C537C3F882B30A691838 /* Release */,
			);
			defaultConfigurationIsVisible = 0;
			defaultConfigurationName = Debug;
		};
		C53335E7F90AEF502E21DBF7 /* Build configuration list for PBXNativeTarget "AgenticDeveloperToolkitSampleApp-visionOS" */ = {
			isa = XCConfigurationList;
			buildConfigurations = (
				63E710CB984DEF3379F8CA40 /* Debug */,
				E388C574D7E5055FF4D56907 /* Release */,
			);
			defaultConfigurationIsVisible = 0;
			defaultConfigurationName = Debug;
		};
/* End XCConfigurationList section */
	};
	rootObject = 76F3BC67AE0CD44B820D8889 /* Project object */;
}
